<?xml version="1.0" encoding="utf-8"?>
<Project ToolsVersion="4.0" xmlns="http://schemas.microsoft.com/developer/msbuild/2003">
  <ItemGroup>
    <ClCompile Include="..\external\timyxml2\tinyxml2.cpp" />
    <ClCompile Include="..\FlattenRenderGraph.cpp" />
    <ClCompile Include="..\GigiAssert.cpp" />
    <ClCompile Include="..\RenderGraph\Visitors.cpp" />
    <ClCompile Include="Backends\DX12\Backend_DX12.cpp" />
    <ClCompile Include="Backends\DX12\templates\Application\imgui\imgui.cpp" />
    <ClCompile Include="Backends\DX12\templates\Application\imgui\imgui_demo.cpp" />
    <ClCompile Include="Backends\DX12\templates\Application\imgui\imgui_draw.cpp" />
    <ClCompile Include="Backends\DX12\templates\Application\imgui\imgui_impl_dx12.cpp" />
    <ClCompile Include="Backends\DX12\templates\Application\imgui\imgui_impl_win32.cpp" />
    <ClCompile Include="Backends\DX12\templates\Application\imgui\imgui_tables.cpp" />
    <ClCompile Include="Backends\DX12\templates\Application\imgui\imgui_widgets.cpp" />
    <ClCompile Include="Backends\DX12\templates\Application\main.cpp" />
    <ClCompile Include="Backends\DX12\templates\Module\DX12Utils\Camera.cpp" />
    <ClCompile Include="Backends\DX12\templates\Module\DX12Utils\CompileShaders_dxc.cpp" />
    <ClCompile Include="Backends\DX12\templates\Module\DX12Utils\CompileShaders_fxc.cpp" />
    <ClCompile Include="Backends\DX12\templates\Module\DX12Utils\dxutils.cpp" />
    <ClCompile Include="Backends\DX12\templates\Module\DX12Utils\FileCache.cpp" />
    <ClCompile Include="Backends\DX12\templates\Module\DX12Utils\TextureCache.cpp" />
    <ClCompile Include="Backends\DX12\templates\Module\DX12Utils\tinyexr\deps\miniz\miniz.c" />
    <ClCompile Include="Backends\DX12\templates\Module\private\technique.cpp" />
    <ClCompile Include="Backends\GraphViz.cpp" />
    <ClCompile Include="Backends\Interpreter\Backend_Interpreter.cpp" />
    <ClCompile Include="Backends\ProcessShader_HLSL.cpp" />
    <ClCompile Include="Backends\Shared.cpp" />
    <ClCompile Include="Backends\UE_5_3\Backend_UE_5_3.cpp" />
    <ClCompile Include="Backends\WebGPU\Backend_WebGPU.cpp" />
    <ClCompile Include="gigicompiler.cpp" />
    <ClCompile Include="gigiinterpreter.cpp" />
    <ClCompile Include="Parse.cpp" />
    <ClCompile Include="ProcessSlang.cpp" />
    <ClCompile Include="structParser.cpp" />
    <ClCompile Include="SubGraphs.cpp" />
    <ClCompile Include="Utils.cpp" />
    <ClCompile Include="..\Schemas\JSONSchema.h" />
  </ItemGroup>
  <ItemGroup>
    <ClInclude Include="..\external\timyxml2\tinyxml2.h" />
    <ClInclude Include="..\Nodes\action_drawcall.h" />
    <ClInclude Include="..\Nodes\action_barrier.h" />
    <ClInclude Include="..\Nodes\action_subgraph.h" />
    <ClInclude Include="..\Schemas\Browser\BrowserSchemas.h" />
    <ClInclude Include="..\Schemas\DataFieldTypes.h" />
    <ClInclude Include="..\Schemas\Misc\BackendTemplateSchemas.h" />
    <ClInclude Include="..\Schemas\PreviewWindow\PreviewMsgClientToServerVariant.h" />
    <ClInclude Include="..\Schemas\PreviewWindow\PreviewMsgServerToClientVariant.h" />
    <ClInclude Include="..\Schemas\PreviewWindow\PreviewWindowSchemas.h" />
    <ClInclude Include="..\Schemas\TextureFormats.h" />
    <ClInclude Include="..\Schemas\Utils.h" />
    <ClInclude Include="..\Schemas\WebGPU\WebGPUSchemas.h" />
    <ClInclude Include="Backends\DX12\templates\Application\imgui\imconfig.h" />
    <ClInclude Include="Backends\DX12\templates\Application\imgui\imgui.h" />
    <ClInclude Include="Backends\DX12\templates\Application\imgui\imgui_impl_dx12.h" />
    <ClInclude Include="Backends\DX12\templates\Application\imgui\imgui_impl_win32.h" />
    <ClInclude Include="Backends\DX12\templates\Application\imgui\imgui_internal.h" />
    <ClInclude Include="Backends\DX12\templates\Application\imgui\imstb_rectpack.h" />
    <ClInclude Include="Backends\DX12\templates\Application\imgui\imstb_textedit.h" />
    <ClInclude Include="Backends\DX12\templates\Application\imgui\imstb_truetype.h" />
    <ClInclude Include="Backends\DX12\templates\Module\AgilitySDK\include\d3d12.h" />
    <ClInclude Include="Backends\DX12\templates\Module\AgilitySDK\include\d3d12compatibility.h" />
    <ClInclude Include="Backends\DX12\templates\Module\AgilitySDK\include\d3d12sdklayers.h" />
    <ClInclude Include="Backends\DX12\templates\Module\AgilitySDK\include\d3d12shader.h" />
    <ClInclude Include="Backends\DX12\templates\Module\AgilitySDK\include\D3D12TokenizedProgramFormat.hpp" />
    <ClInclude Include="Backends\DX12\templates\Module\AgilitySDK\include\d3d12video.h" />
    <ClInclude Include="Backends\DX12\templates\Module\AgilitySDK\include\d3dcommon.h" />
    <ClInclude Include="Backends\DX12\templates\Module\AgilitySDK\include\d3dx12\d3dx12.h" />
    <ClInclude Include="Backends\DX12\templates\Module\AgilitySDK\include\d3dx12\d3dx12_barriers.h" />
    <ClInclude Include="Backends\DX12\templates\Module\AgilitySDK\include\d3dx12\d3dx12_check_feature_support.h" />
    <ClInclude Include="Backends\DX12\templates\Module\AgilitySDK\include\d3dx12\d3dx12_core.h" />
    <ClInclude Include="Backends\DX12\templates\Module\AgilitySDK\include\d3dx12\d3dx12_default.h" />
    <ClInclude Include="Backends\DX12\templates\Module\AgilitySDK\include\d3dx12\d3dx12_pipeline_state_stream.h" />
    <ClInclude Include="Backends\DX12\templates\Module\AgilitySDK\include\d3dx12\d3dx12_property_format_table.h" />
    <ClInclude Include="Backends\DX12\templates\Module\AgilitySDK\include\d3dx12\d3dx12_render_pass.h" />
    <ClInclude Include="Backends\DX12\templates\Module\AgilitySDK\include\d3dx12\d3dx12_resource_helpers.h" />
    <ClInclude Include="Backends\DX12\templates\Module\AgilitySDK\include\d3dx12\d3dx12_root_signature.h" />
    <ClInclude Include="Backends\DX12\templates\Module\AgilitySDK\include\d3dx12\d3dx12_state_object.h" />
    <ClInclude Include="Backends\DX12\templates\Module\AgilitySDK\include\dxgiformat.h" />
    <ClInclude Include="Backends\DX12\templates\Module\DX12Utils\Camera.h" />
    <ClInclude Include="Backends\DX12\templates\Module\DX12Utils\CompileShaders.h" />
    <ClInclude Include="Backends\DX12\templates\Module\DX12Utils\DelayedReleaseTracker.h" />
    <ClInclude Include="Backends\DX12\templates\Module\DX12Utils\dxutils.h" />
    <ClInclude Include="Backends\DX12\templates\Module\DX12Utils\FileCache.h" />
    <ClInclude Include="Backends\DX12\templates\Module\DX12Utils\HeapAllocationTracker.h" />
    <ClInclude Include="Backends\DX12\templates\Module\DX12Utils\logfn.h" />
    <ClInclude Include="Backends\DX12\templates\Module\DX12Utils\ParseCSV.h" />
    <ClInclude Include="Backends\DX12\templates\Module\DX12Utils\ReadbackHelper.h" />
    <ClInclude Include="Backends\DX12\templates\Module\DX12Utils\ShaderCompilerCommon.h" />
    <ClInclude Include="Backends\DX12\templates\Module\DX12Utils\SRGB.h" />
    <ClInclude Include="Backends\DX12\templates\Module\DX12Utils\stb\stb_image.h" />
    <ClInclude Include="Backends\DX12\templates\Module\DX12Utils\TextureCache.h" />
    <ClInclude Include="Backends\DX12\templates\Module\DX12Utils\tinyexr\deps\miniz\miniz.h" />
    <ClInclude Include="Backends\DX12\templates\Module\DX12Utils\tinyexr\tinyexr.h" />
    <ClInclude Include="Backends\DX12\templates\Module\private\technique.h" />
    <ClInclude Include="Backends\DX12\templates\Module\public\all.h" />
    <ClInclude Include="Backends\DX12\templates\Module\public\imgui.h" />
    <ClInclude Include="Backends\DX12\templates\Module\public\pythoninterface.h" />
    <ClInclude Include="Backends\DX12\templates\Module\public\technique.h" />
    <ClInclude Include="Backends\GraphViz.h" />
    <ClInclude Include="Backends\Interpreter\templates\linalg.h" />
    <ClInclude Include="Backends\ProcessShader.h" />
    <ClInclude Include="Backends\Shared.h" />
    <ClInclude Include="Backends\UE_5_3\nodes\allNodes.h" />
    <ClInclude Include="Backends\UE_5_3\nodes\node_action_barrier.h" />
    <ClInclude Include="Backends\UE_5_3\nodes\node_action_computeShader.h" />
    <ClInclude Include="Backends\UE_5_3\nodes\node_action_copyResource.h" />
    <ClInclude Include="Backends\UE_5_3\nodes\node_action_drawCall.h" />
    <ClInclude Include="Backends\UE_5_3\nodes\node_action_rayShader.h" />
    <ClInclude Include="Backends\UE_5_3\nodes\node_action_subGraph.h" />
    <ClInclude Include="Backends\UE_5_3\nodes\node_resource_buffer.h" />
    <ClInclude Include="Backends\UE_5_3\nodes\node_resource_shaderConstants.h" />
    <ClInclude Include="Backends\UE_5_3\nodes\node_resource_texture.h" />
    <ClInclude Include="GigiBuildFlavor.h" />
    <ClInclude Include="GigiBuildFlavorList.h" />
    <ClInclude Include="gigiinterpreter.h" />
    <ClInclude Include="Parse.h" />
    <ClInclude Include="ParseCSV.h" />
    <ClInclude Include="ParseText.h" />
    <ClInclude Include="ProcessSlang.h" />
    <ClInclude Include="structParser.h" />
    <ClInclude Include="SubGraphs.h" />
    <ClInclude Include="TupleCache.h" />
    <ClInclude Include="Utils.h" />
    <ClInclude Include="..\external\df_serialize\Config.h" />
    <ClInclude Include="..\external\df_serialize\MakeBinaryReadFooter.h" />
    <ClInclude Include="..\external\df_serialize\MakeBinaryReadHeader.h" />
    <ClInclude Include="..\external\df_serialize\MakeBinaryWriteFooter.h" />
    <ClInclude Include="..\external\df_serialize\MakeBinaryWriteHeader.h" />
    <ClInclude Include="..\external\df_serialize\MakeEqualityTests.h" />
    <ClInclude Include="..\external\df_serialize\MakeHTMLFooter.h" />
    <ClInclude Include="..\external\df_serialize\MakeHTMLHeader.h" />
    <ClInclude Include="..\external\df_serialize\MakeJSONReadFooter.h" />
    <ClInclude Include="..\external\df_serialize\MakeJSONReadHeader.h" />
    <ClInclude Include="..\external\df_serialize\MakeJSONWriteFooter.h" />
    <ClInclude Include="..\external\df_serialize\MakeJSONWriteHeader.h" />
    <ClInclude Include="..\external\df_serialize\MakeTypes.h" />
    <ClInclude Include="..\external\df_serialize\_common.h" />
    <ClInclude Include="..\external\df_serialize\_fillunsetdefines.h" />
    <ClInclude Include="..\external\rapidjson\rapidjson.h" />
    <ClInclude Include="..\FlattenRenderGraph.h" />
    <ClInclude Include="..\GigiAssert.h" />
    <ClInclude Include="..\Nodes\action.h" />
    <ClInclude Include="..\Nodes\action_computeshader.h" />
    <ClInclude Include="..\Nodes\action_copyresource.h" />
    <ClInclude Include="..\Nodes\action_rayshader.h" />
    <ClInclude Include="..\Nodes\nodes.h" />
    <ClInclude Include="..\Nodes\resource.h" />
    <ClInclude Include="..\Nodes\resource_buffer.h" />
    <ClInclude Include="..\Nodes\resource_shaderconstants.h" />
    <ClInclude Include="..\Nodes\resource_texture.h" />
    <ClInclude Include="..\RenderGraph\Visitors.h" />
    <ClInclude Include="..\Schemas\BackendList.h" />
    <ClInclude Include="..\Schemas\HTML.h" />
    <ClInclude Include="..\Schemas\JSON.h" />
    <ClInclude Include="..\Schemas\RenderGraphNodes.h" />
    <ClInclude Include="..\Schemas\RenderGraphNodesVariant.h" />
    <ClInclude Include="..\Schemas\Schemas.h" />
    <ClInclude Include="..\Schemas\SchemasCommon.h" />
    <ClInclude Include="..\Schemas\SchemasShaders.h" />
    <ClInclude Include="..\Schemas\SchemasVariables.h" />
    <ClInclude Include="..\Schemas\Types.h" />
    <ClInclude Include="..\Schemas\Visitor.h" />
    <ClInclude Include="..\Version.h" />
    <ClInclude Include="gigicompiler.h" />
    <ClInclude Include="Backends\UE_5_3\nodes\node_action_workGraph.h" />
    <ClInclude Include="..\Nodes\action_workgraph.h" />
  </ItemGroup>
  <ItemGroup>
    <Image Include="Backends\WebGPU\templates\Application\favicon.ico" />
  </ItemGroup>
  <ItemGroup>
    <Midl Include="Backends\DX12\templates\Module\AgilitySDK\include\d3d12.idl" />
    <Midl Include="Backends\DX12\templates\Module\AgilitySDK\include\d3d12compatibility.idl" />
    <Midl Include="Backends\DX12\templates\Module\AgilitySDK\include\d3d12sdklayers.idl" />
    <Midl Include="Backends\DX12\templates\Module\AgilitySDK\include\d3d12video.idl" />
    <Midl Include="Backends\DX12\templates\Module\AgilitySDK\include\d3dcommon.idl" />
    <Midl Include="Backends\DX12\templates\Module\AgilitySDK\include\dxgiformat.idl" />
  </ItemGroup>
  <ItemGroup>
    <None Include="..\.editorconfig" />
    <None Include="Backends\DX12\nodes\node_action_workGraph.inl" />
    <None Include="Backends\DX12\nodes\node_reroute.inl" />
    <None Include="Backends\DX12\templates\Module\AgilitySDK\bin\D3D12Core.dll" />
    <None Include="Backends\DX12\templates\Module\AgilitySDK\bin\D3D12Core.pdb" />
    <None Include="Backends\DX12\templates\Module\AgilitySDK\bin\d3d12SDKLayers.dll" />
    <None Include="Backends\DX12\templates\Module\AgilitySDK\bin\d3d12SDKLayers.pdb" />
    <None Include="Backends\DX12\templates\Module\AgilitySDK\bin\d3dconfig.exe" />
    <None Include="Backends\DX12\templates\Module\AgilitySDK\bin\d3dconfig.pdb" />
    <None Include="Backends\DX12\templates\Module\ggconfig.json" />
    <None Include="Backends\Interpreter\templates\ggconfig.json" />
    <None Include="Backends\UE_5_3\nodes\node_reroute.inl" />
    <None Include="Backends\UE_5_3\templates\install.bat" />
    <None Include="Backends\UE_5_3\templates\private\Technique.cpp" />
    <None Include="Backends\WebGPU\nodes\nodes.inl" />
    <None Include="Backends\WebGPU\nodes\node_action_barrier.inl" />
    <None Include="Backends\WebGPU\nodes\node_action_computeShader.inl" />
    <None Include="Backends\WebGPU\nodes\node_action_copyResource.inl" />
    <None Include="Backends\WebGPU\nodes\node_action_drawCall.inl" />
    <None Include="Backends\WebGPU\nodes\node_action_rayShader.inl" />
    <None Include="Backends\WebGPU\nodes\node_action_subGraph.inl" />
    <None Include="Backends\WebGPU\nodes\node_action_workGraph.inl" />
    <None Include="Backends\WebGPU\nodes\node_reroute.inl" />
    <None Include="Backends\WebGPU\nodes\node_resource_buffer.inl" />
    <None Include="Backends\WebGPU\nodes\node_resource_shaderConstants.inl" />
    <None Include="Backends\WebGPU\nodes\node_resource_texture.inl" />
    <None Include="Backends\WebGPU\templates\Application\.gitignore" />
    <None Include="Backends\WebGPU\templates\Application\index.html" />
    <None Include="Backends\WebGPU\templates\Application\index.js" />
    <None Include="Backends\WebGPU\templates\Application\jquery-csv.js" />
    <None Include="Backends\WebGPU\templates\Application\Node_GetPackages.bat" />
    <None Include="Backends\WebGPU\templates\Application\Node_Run.bat" />
    <None Include="Backends\WebGPU\templates\Application\style.css" />
    <None Include="Backends\WebGPU\templates\Application\Web_Open.bat" />
    <None Include="Backends\WebGPU\templates\Application\Web_Start.bat" />
    <None Include="Backends\WebGPU\templates\Module\BVH.hlsli" />
    <None Include="Backends\WebGPU\templates\Module\ggconfig.json" />
    <None Include="Backends\WebGPU\templates\Module\GigiRayTracingEmulation.hlsli" />
    <None Include="Backends\WebGPU\templates\Module\Module.js" />
    <None Include="Backends\WebGPU\templates\Module\Shared.js" />
    <None Include="Backends\UE_5_3\templates\public\Technique.h" />
    <None Include="Backends\DX12\nodes\nodes.inl" />
    <None Include="Backends\DX12\nodes\node_action_barrier.inl" />
    <None Include="Backends\DX12\nodes\node_action_computeShader.inl" />
    <None Include="Backends\DX12\nodes\node_action_copyResource.inl" />
    <None Include="Backends\DX12\nodes\node_action_drawCall.inl" />
    <None Include="Backends\DX12\nodes\node_action_rayShader.inl" />
    <None Include="Backends\DX12\nodes\node_action_subGraph.inl" />
    <None Include="Backends\DX12\nodes\node_resource_buffer.inl" />
    <None Include="Backends\DX12\nodes\node_resource_shaderConstants.inl" />
    <None Include="Backends\DX12\nodes\node_resource_texture.inl" />
    <None Include="Backends\DX12\templates\Application\.gitignore" />
    <None Include="Backends\DX12\templates\Application\MakeSolution.bat" />
    <None Include="Backends\DX12\templates\Module\DX12Utils\stb\LICENSE" />
    <None Include="Backends\DX12\templates\Module\DX12Utils\tinyexr\deps\miniz\LICENSE" />
    <None Include="Backends\DX12\templates\Module\DX12Utils\tinyexr\deps\miniz\readme.md" />
    <None Include="Backends\DX12\templates\Module\DX12Utils\tinyexr\README.md" />
    <None Include="Backends\UE_5_3\templates\ggconfig.json" />
    <None Include="Backends\UE_5_3\templates\Readme.txt" />
    <None Include="Backends\UE_5_3\templates\NodeTemplates\ResourceTexture.xml" />
    <None Include="Backends\UE_5_3\templates\NodeTemplates\ActionComputeShader.xml" />
    <None Include="Backends\UE_5_3\templates\NodeTemplates\ResourceBuffer.xml" />
    <None Include="Backends\UE_5_3\templates\NodeTemplates\ActionCopyResource.xml" />
    <None Include="Backends\UE_5_3\templates\NodeTemplates\ActionDrawCall.xml" />
    <None Include="Backends\UE_5_3\templates\NodeTemplates\ActionRayShader.xml" />
  </ItemGroup>
  <ItemGroup>
    <Text Include="Backends\DX12\templates\Application\CMakeLists.txt" />
    <Text Include="Backends\DX12\templates\Application\imgui\LICENSE.txt" />
    <Text Include="Backends\DX12\templates\Application\readme.txt" />
    <Text Include="Backends\DX12\templates\Module\readme.txt" />
    <Text Include="Backends\WebGPU\templates\Application\Readme.txt" />
  </ItemGroup>
</Project>