<?xml version="1.0" encoding="utf-8"?>
<Project ToolsVersion="4.0" xmlns="http://schemas.microsoft.com/developer/msbuild/2003">
  <ItemGroup>
    <ClCompile Include="gigicompiler.cpp" />
    <ClCompile Include="..\GigiAssert.cpp" />
    <ClCompile Include="..\FlattenRenderGraph.cpp" />
    <ClCompile Include="..\Schemas\JSONSchema.h">
      <Filter>schemas\utils</Filter>
    </ClCompile>
    <ClCompile Include="gigiinterpreter.cpp" />
    <ClCompile Include="Utils.cpp" />
    <ClCompile Include="Parse.cpp">
      <Filter>structParser</Filter>
    </ClCompile>
    <ClCompile Include="structParser.cpp">
      <Filter>structParser</Filter>
    </ClCompile>
    <ClCompile Include="SubGraphs.cpp" />
    <ClCompile Include="ProcessSlang.cpp" />
    <ClCompile Include="Backends\GraphViz.cpp">
      <Filter>Backends</Filter>
    </ClCompile>
    <ClCompile Include="Backends\Interpreter\Backend_Interpreter.cpp">
      <Filter>Backends\Interpreter</Filter>
    </ClCompile>
    <ClCompile Include="Backends\DX12\Backend_DX12.cpp">
      <Filter>Backends\DX12</Filter>
    </ClCompile>
    <ClCompile Include="Backends\DX12\templates\Module\private\technique.cpp">
      <Filter>Backends\DX12\templates\Module\private</Filter>
    </ClCompile>
    <ClCompile Include="Backends\DX12\templates\Application\main.cpp">
      <Filter>Backends\DX12\templates\Application</Filter>
    </ClCompile>
    <ClCompile Include="Backends\DX12\templates\Module\DX12Utils\dxutils.cpp">
      <Filter>Backends\DX12\templates\Module\DX12Utils</Filter>
    </ClCompile>
    <ClCompile Include="Backends\DX12\templates\Module\DX12Utils\shadercompiler_fxc.cpp">
      <Filter>Backends\DX12\templates\Module\DX12Utils</Filter>
    </ClCompile>
    <ClCompile Include="Backends\DX12\templates\Module\DX12Utils\shadercompiler_dxc.cpp">
      <Filter>Backends\DX12\templates\Module\DX12Utils</Filter>
    </ClCompile>
    <ClCompile Include="Backends\DX12\templates\Application\imgui\imgui.cpp">
      <Filter>Backends\DX12\templates\Application\imgui</Filter>
    </ClCompile>
    <ClCompile Include="Backends\DX12\templates\Application\imgui\imgui_demo.cpp">
      <Filter>Backends\DX12\templates\Application\imgui</Filter>
    </ClCompile>
    <ClCompile Include="Backends\DX12\templates\Application\imgui\imgui_draw.cpp">
      <Filter>Backends\DX12\templates\Application\imgui</Filter>
    </ClCompile>
    <ClCompile Include="Backends\DX12\templates\Application\imgui\imgui_impl_dx12.cpp">
      <Filter>Backends\DX12\templates\Application\imgui</Filter>
    </ClCompile>
    <ClCompile Include="Backends\DX12\templates\Application\imgui\imgui_impl_win32.cpp">
      <Filter>Backends\DX12\templates\Application\imgui</Filter>
    </ClCompile>
    <ClCompile Include="Backends\DX12\templates\Application\imgui\imgui_tables.cpp">
      <Filter>Backends\DX12\templates\Application\imgui</Filter>
    </ClCompile>
    <ClCompile Include="Backends\DX12\templates\Application\imgui\imgui_widgets.cpp">
      <Filter>Backends\DX12\templates\Application\imgui</Filter>
    </ClCompile>
    <ClCompile Include="Backends\DX12\templates\Module\DX12Utils\FileCache.cpp">
      <Filter>Backends\DX12\templates\Module\DX12Utils</Filter>
    </ClCompile>
    <ClCompile Include="Backends\DX12\templates\Module\DX12Utils\TextureCache.cpp">
      <Filter>Backends\DX12\templates\Module\DX12Utils</Filter>
    </ClCompile>
    <ClCompile Include="Backends\DX12\templates\Module\DX12Utils\tinyexr\deps\miniz\miniz.c">
      <Filter>Backends\DX12\templates\Module\DX12Utils\tinyexr\deps\miniz</Filter>
    </ClCompile>
    <ClCompile Include="..\external\timyxml2\tinyxml2.cpp">
      <Filter>external\timyxml2</Filter>
    </ClCompile>
  </ItemGroup>
  <ItemGroup>
    <ClInclude Include="gigicompiler.h" />
    <ClInclude Include="..\Version.h" />
    <ClInclude Include="..\GigiAssert.h" />
    <ClInclude Include="..\FlattenRenderGraph.h" />
    <ClInclude Include="..\Schemas\BackendList.h">
      <Filter>schemas</Filter>
    </ClInclude>
    <ClInclude Include="..\Schemas\RenderGraphNodes.h">
      <Filter>schemas</Filter>
    </ClInclude>
    <ClInclude Include="..\Schemas\RenderGraphNodesVariant.h">
      <Filter>schemas</Filter>
    </ClInclude>
    <ClInclude Include="..\Schemas\Schemas.h">
      <Filter>schemas</Filter>
    </ClInclude>
    <ClInclude Include="..\Schemas\SchemasCommon.h">
      <Filter>schemas</Filter>
    </ClInclude>
    <ClInclude Include="..\Schemas\SchemasShaders.h">
      <Filter>schemas</Filter>
    </ClInclude>
    <ClInclude Include="..\Schemas\SchemasVariables.h">
      <Filter>schemas</Filter>
    </ClInclude>
    <ClInclude Include="..\Schemas\HTML.h">
      <Filter>schemas\utils</Filter>
    </ClInclude>
    <ClInclude Include="..\Schemas\JSON.h">
      <Filter>schemas\utils</Filter>
    </ClInclude>
    <ClInclude Include="..\Schemas\Types.h">
      <Filter>schemas\utils</Filter>
    </ClInclude>
    <ClInclude Include="..\Schemas\Visitor.h">
      <Filter>schemas\utils</Filter>
    </ClInclude>
    <ClInclude Include="..\RenderGraph\Visitors.h">
      <Filter>RenderGraph</Filter>
    </ClInclude>
    <ClInclude Include="..\Nodes\action.h">
      <Filter>Nodes</Filter>
    </ClInclude>
    <ClInclude Include="..\Nodes\action_computeshader.h">
      <Filter>Nodes</Filter>
    </ClInclude>
    <ClInclude Include="..\Nodes\action_copyresource.h">
      <Filter>Nodes</Filter>
    </ClInclude>
    <ClInclude Include="..\Nodes\action_rayshader.h">
      <Filter>Nodes</Filter>
    </ClInclude>
    <ClInclude Include="..\Nodes\nodes.h">
      <Filter>Nodes</Filter>
    </ClInclude>
    <ClInclude Include="..\Nodes\resource.h">
      <Filter>Nodes</Filter>
    </ClInclude>
    <ClInclude Include="..\Nodes\resource_buffer.h">
      <Filter>Nodes</Filter>
    </ClInclude>
    <ClInclude Include="..\Nodes\resource_shaderconstants.h">
      <Filter>Nodes</Filter>
    </ClInclude>
    <ClInclude Include="..\Nodes\resource_texture.h">
      <Filter>Nodes</Filter>
    </ClInclude>
    <ClInclude Include="..\external\rapidjson\rapidjson.h">
      <Filter>external\rapidjson</Filter>
    </ClInclude>
    <ClInclude Include="..\external\df_serialize\Config.h">
      <Filter>external\df_serialize</Filter>
    </ClInclude>
    <ClInclude Include="..\external\df_serialize\MakeBinaryReadFooter.h">
      <Filter>external\df_serialize</Filter>
    </ClInclude>
    <ClInclude Include="..\external\df_serialize\MakeBinaryReadHeader.h">
      <Filter>external\df_serialize</Filter>
    </ClInclude>
    <ClInclude Include="..\external\df_serialize\MakeBinaryWriteFooter.h">
      <Filter>external\df_serialize</Filter>
    </ClInclude>
    <ClInclude Include="..\external\df_serialize\MakeBinaryWriteHeader.h">
      <Filter>external\df_serialize</Filter>
    </ClInclude>
    <ClInclude Include="..\external\df_serialize\MakeEqualityTests.h">
      <Filter>external\df_serialize</Filter>
    </ClInclude>
    <ClInclude Include="..\external\df_serialize\MakeHTMLFooter.h">
      <Filter>external\df_serialize</Filter>
    </ClInclude>
    <ClInclude Include="..\external\df_serialize\MakeHTMLHeader.h">
      <Filter>external\df_serialize</Filter>
    </ClInclude>
    <ClInclude Include="..\external\df_serialize\MakeJSONReadFooter.h">
      <Filter>external\df_serialize</Filter>
    </ClInclude>
    <ClInclude Include="..\external\df_serialize\MakeJSONReadHeader.h">
      <Filter>external\df_serialize</Filter>
    </ClInclude>
    <ClInclude Include="..\external\df_serialize\MakeJSONWriteFooter.h">
      <Filter>external\df_serialize</Filter>
    </ClInclude>
    <ClInclude Include="..\external\df_serialize\MakeJSONWriteHeader.h">
      <Filter>external\df_serialize</Filter>
    </ClInclude>
    <ClInclude Include="..\external\df_serialize\MakeTypes.h">
      <Filter>external\df_serialize</Filter>
    </ClInclude>
    <ClInclude Include="..\external\df_serialize\_common.h">
      <Filter>external\df_serialize</Filter>
    </ClInclude>
    <ClInclude Include="..\external\df_serialize\_fillunsetdefines.h">
      <Filter>external\df_serialize</Filter>
    </ClInclude>
    <ClInclude Include="gigiinterpreter.h" />
    <ClInclude Include="..\Schemas\PreviewWindow\PreviewWindowSchemas.h">
      <Filter>schemas\PreviewWindow</Filter>
    </ClInclude>
    <ClInclude Include="..\Schemas\PreviewWindow\PreviewMsgClientToServerVariant.h">
      <Filter>schemas\PreviewWindow</Filter>
    </ClInclude>
    <ClInclude Include="..\Schemas\PreviewWindow\PreviewMsgServerToClientVariant.h">
      <Filter>schemas\PreviewWindow</Filter>
    </ClInclude>
    <ClInclude Include="..\Schemas\DataFieldTypes.h">
      <Filter>schemas</Filter>
    </ClInclude>
    <ClInclude Include="TupleCache.h" />
    <ClInclude Include="Utils.h" />
    <ClInclude Include="..\Schemas\TextureFormats.h">
      <Filter>schemas</Filter>
    </ClInclude>
    <ClInclude Include="ParseCSV.h" />
    <ClInclude Include="..\Nodes\action_drawcall.h">
      <Filter>Nodes</Filter>
    </ClInclude>
    <ClInclude Include="Parse.h">
      <Filter>structParser</Filter>
    </ClInclude>
    <ClInclude Include="structParser.h">
      <Filter>structParser</Filter>
    </ClInclude>
    <ClInclude Include="..\Schemas\Utils.h">
      <Filter>schemas\utils</Filter>
    </ClInclude>
    <ClInclude Include="..\Nodes\action_subgraph.h">
      <Filter>Nodes</Filter>
    </ClInclude>
    <ClInclude Include="..\Nodes\action_barrier.h">
      <Filter>Nodes</Filter>
    </ClInclude>
    <ClInclude Include="SubGraphs.h" />
    <ClInclude Include="ProcessSlang.h" />
    <ClInclude Include="Backends\GraphViz.h">
      <Filter>Backends</Filter>
    </ClInclude>
    <ClInclude Include="Backends\Shared.h">
      <Filter>Backends</Filter>
    </ClInclude>
    <ClInclude Include="GigiBuildFlavorList.h" />
    <ClInclude Include="GigiBuildFlavor.h" />
    <ClInclude Include="Backends\DX12\templates\Module\public\all.h">
      <Filter>Backends\DX12\templates\Module\public</Filter>
    </ClInclude>
    <ClInclude Include="Backends\DX12\templates\Module\public\imgui.h">
      <Filter>Backends\DX12\templates\Module\public</Filter>
    </ClInclude>
    <ClInclude Include="Backends\DX12\templates\Module\public\pythoninterface.h">
      <Filter>Backends\DX12\templates\Module\public</Filter>
    </ClInclude>
    <ClInclude Include="Backends\DX12\templates\Module\public\technique.h">
      <Filter>Backends\DX12\templates\Module\public</Filter>
    </ClInclude>
    <ClInclude Include="Backends\DX12\templates\Module\private\technique.h">
      <Filter>Backends\DX12\templates\Module\private</Filter>
    </ClInclude>
    <ClInclude Include="Backends\DX12\templates\Module\DX12Utils\DelayedReleaseTracker.h">
      <Filter>Backends\DX12\templates\Module\DX12Utils</Filter>
    </ClInclude>
    <ClInclude Include="Backends\DX12\templates\Module\DX12Utils\HeapAllocationTracker.h">
      <Filter>Backends\DX12\templates\Module\DX12Utils</Filter>
    </ClInclude>
    <ClInclude Include="Backends\DX12\templates\Module\DX12Utils\ReadbackHelper.h">
      <Filter>Backends\DX12\templates\Module\DX12Utils</Filter>
    </ClInclude>
    <ClInclude Include="Backends\DX12\templates\Module\DX12Utils\dxutils.h">
      <Filter>Backends\DX12\templates\Module\DX12Utils</Filter>
    </ClInclude>
    <ClInclude Include="Backends\DX12\templates\Module\DX12Utils\shadercompiler.h">
      <Filter>Backends\DX12\templates\Module\DX12Utils</Filter>
    </ClInclude>
    <ClInclude Include="Backends\DX12\templates\Module\DX12Utils\logfn.h">
      <Filter>Backends\DX12\templates\Module\DX12Utils</Filter>
    </ClInclude>
    <ClInclude Include="Backends\DX12\templates\Module\DX12Utils\stb\stb_image.h">
      <Filter>Backends\DX12\templates\Module\DX12Utils\stb</Filter>
    </ClInclude>
    <ClInclude Include="Backends\DX12\templates\Application\imgui\imconfig.h">
      <Filter>Backends\DX12\templates\Application\imgui</Filter>
    </ClInclude>
    <ClInclude Include="Backends\DX12\templates\Application\imgui\imgui.h">
      <Filter>Backends\DX12\templates\Application\imgui</Filter>
    </ClInclude>
    <ClInclude Include="Backends\DX12\templates\Application\imgui\imgui_impl_dx12.h">
      <Filter>Backends\DX12\templates\Application\imgui</Filter>
    </ClInclude>
    <ClInclude Include="Backends\DX12\templates\Application\imgui\imgui_impl_win32.h">
      <Filter>Backends\DX12\templates\Application\imgui</Filter>
    </ClInclude>
    <ClInclude Include="Backends\DX12\templates\Application\imgui\imgui_internal.h">
      <Filter>Backends\DX12\templates\Application\imgui</Filter>
    </ClInclude>
    <ClInclude Include="Backends\DX12\templates\Application\imgui\imstb_rectpack.h">
      <Filter>Backends\DX12\templates\Application\imgui</Filter>
    </ClInclude>
    <ClInclude Include="Backends\DX12\templates\Application\imgui\imstb_textedit.h">
      <Filter>Backends\DX12\templates\Application\imgui</Filter>
    </ClInclude>
    <ClInclude Include="Backends\DX12\templates\Application\imgui\imstb_truetype.h">
      <Filter>Backends\DX12\templates\Application\imgui</Filter>
    </ClInclude>
    <ClInclude Include="Backends\DX12\templates\Module\DX12Utils\FileCache.h">
      <Filter>Backends\DX12\templates\Module\DX12Utils</Filter>
    </ClInclude>
    <ClInclude Include="Backends\DX12\templates\Module\DX12Utils\TextureCache.h">
      <Filter>Backends\DX12\templates\Module\DX12Utils</Filter>
    </ClInclude>
    <ClInclude Include="Backends\DX12\templates\Module\DX12Utils\tinyexr\tinyexr.h">
      <Filter>Backends\DX12\templates\Module\DX12Utils\tinyexr</Filter>
    </ClInclude>
    <ClInclude Include="Backends\DX12\templates\Module\DX12Utils\tinyexr\deps\miniz\miniz.h">
      <Filter>Backends\DX12\templates\Module\DX12Utils\tinyexr\deps\miniz</Filter>
    </ClInclude>
    <ClInclude Include="Backends\DX12\templates\Module\DX12Utils\ParseCSV.h">
      <Filter>Backends\DX12\templates\Module\DX12Utils</Filter>
    </ClInclude>
    <ClInclude Include="Backends\DX12\templates\Module\DX12Utils\SRGB.h">
      <Filter>Backends\DX12\templates\Module\DX12Utils</Filter>
    </ClInclude>
    <ClInclude Include="..\Schemas\Misc\BackendTemplateSchemas.h">
      <Filter>schemas\Misc</Filter>
    </ClInclude>
    <ClInclude Include="..\external\timyxml2\tinyxml2.h">
      <Filter>external\timyxml2</Filter>
    </ClInclude>
    <ClInclude Include="ParseText.h" />
  </ItemGroup>
  <ItemGroup>
    <Filter Include="schemas">
      <UniqueIdentifier>{651e15e4-4d58-4ab3-8d3b-64ed4e9a97ac}</UniqueIdentifier>
    </Filter>
    <Filter Include="schemas\utils">
      <UniqueIdentifier>{6fdec3dc-24cc-4b67-8f70-8f634148bacf}</UniqueIdentifier>
    </Filter>
    <Filter Include="RenderGraph">
      <UniqueIdentifier>{d659d8a6-7752-4b47-85b5-910b05bef859}</UniqueIdentifier>
    </Filter>
    <Filter Include="Nodes">
      <UniqueIdentifier>{42a7587b-0760-4955-9775-ad67088847a5}</UniqueIdentifier>
    </Filter>
    <Filter Include="external">
      <UniqueIdentifier>{41e24ead-af6f-4341-a68b-4d3a067f3dd0}</UniqueIdentifier>
    </Filter>
    <Filter Include="external\rapidjson">
      <UniqueIdentifier>{b4b3164b-f0c1-458e-a608-86f51ee526c1}</UniqueIdentifier>
    </Filter>
    <Filter Include="external\df_serialize">
      <UniqueIdentifier>{5b748883-4e17-4078-9bfe-06e54b285165}</UniqueIdentifier>
    </Filter>
    <Filter Include="Backends">
      <UniqueIdentifier>{6e5761f2-bd85-4e0d-8b11-1a1661ba0dd9}</UniqueIdentifier>
    </Filter>
    <Filter Include="Backends\DX12">
      <UniqueIdentifier>{2af5409c-97b7-4c73-948f-8f838aa661e3}</UniqueIdentifier>
    </Filter>
    <Filter Include="Backends\DX12\nodes">
      <UniqueIdentifier>{586c0c5d-c972-4678-ac42-d8d203d04774}</UniqueIdentifier>
    </Filter>
    <Filter Include="Backends\Interpreter">
      <UniqueIdentifier>{06097c68-d2c2-4740-9763-6990573f93d6}</UniqueIdentifier>
    </Filter>
    <Filter Include="schemas\PreviewWindow">
      <UniqueIdentifier>{f201c749-d692-435d-b62a-f17ddf9e1254}</UniqueIdentifier>
    </Filter>
    <Filter Include="structParser">
      <UniqueIdentifier>{2e49991b-a4d4-405a-8550-51cd947ae3a8}</UniqueIdentifier>
    </Filter>
    <Filter Include="Backends\DX12\templates">
      <UniqueIdentifier>{a7b69068-c836-463c-b7ba-9f78cd9fa523}</UniqueIdentifier>
    </Filter>
    <Filter Include="Backends\DX12\templates\Module">
      <UniqueIdentifier>{a1be87c1-d2b7-4143-a62d-9ce1ad1c59cd}</UniqueIdentifier>
    </Filter>
    <Filter Include="Backends\DX12\templates\Module\private">
      <UniqueIdentifier>{557ddae2-d7b0-4c48-861c-cd70f27b53ea}</UniqueIdentifier>
    </Filter>
    <Filter Include="Backends\DX12\templates\Module\public">
      <UniqueIdentifier>{3de0ff12-a8d9-493f-a51b-d0f41b45a84e}</UniqueIdentifier>
    </Filter>
    <Filter Include="Backends\DX12\templates\Application">
      <UniqueIdentifier>{d793e420-048e-44c1-ad44-d302deb7eb53}</UniqueIdentifier>
    </Filter>
    <Filter Include="Backends\DX12\templates\Module\DX12Utils">
      <UniqueIdentifier>{96ddf888-aa27-4d23-9a39-46345924f5ae}</UniqueIdentifier>
    </Filter>
    <Filter Include="Backends\DX12\templates\Module\DX12Utils\stb">
      <UniqueIdentifier>{4e3a44ee-68aa-4ce0-9b28-c46769bb9146}</UniqueIdentifier>
    </Filter>
    <Filter Include="Backends\DX12\templates\Application\imgui">
      <UniqueIdentifier>{d8075332-1d01-49b2-a9c6-eb3a2266b25a}</UniqueIdentifier>
    </Filter>
    <Filter Include="Backends\DX12\templates\Module\DX12Utils\tinyexr">
      <UniqueIdentifier>{02154478-02c7-43bf-bddc-6c02652cf423}</UniqueIdentifier>
    </Filter>
    <Filter Include="Backends\DX12\templates\Module\DX12Utils\tinyexr\deps">
      <UniqueIdentifier>{8c91da7b-359d-4975-b114-5a372f2a7de6}</UniqueIdentifier>
    </Filter>
    <Filter Include="Backends\DX12\templates\Module\DX12Utils\tinyexr\deps\miniz">
      <UniqueIdentifier>{58a3cc07-fc20-4175-b9c3-db66e0ff33ab}</UniqueIdentifier>
    </Filter>
    <Filter Include="schemas\Misc">
      <UniqueIdentifier>{a3ba0859-abb0-42eb-bb97-0471b63a4037}</UniqueIdentifier>
    </Filter>
    <Filter Include="external\timyxml2">
      <UniqueIdentifier>{fa16a087-4567-426a-b093-af1421e05c99}</UniqueIdentifier>
    </Filter>
  </ItemGroup>
  <ItemGroup>
    <None Include="Backends\DX12\nodes\node_action_barrier.inl">
      <Filter>Backends\DX12\nodes</Filter>
    </None>
    <None Include="Backends\DX12\nodes\node_action_computeShader.inl">
      <Filter>Backends\DX12\nodes</Filter>
    </None>
    <None Include="Backends\DX12\nodes\node_action_copyResource.inl">
      <Filter>Backends\DX12\nodes</Filter>
    </None>
    <None Include="Backends\DX12\nodes\node_action_drawCall.inl">
      <Filter>Backends\DX12\nodes</Filter>
    </None>
    <None Include="Backends\DX12\nodes\node_action_rayShader.inl">
      <Filter>Backends\DX12\nodes</Filter>
    </None>
    <None Include="Backends\DX12\nodes\node_action_subGraph.inl">
      <Filter>Backends\DX12\nodes</Filter>
    </None>
    <None Include="Backends\DX12\nodes\node_resource_buffer.inl">
      <Filter>Backends\DX12\nodes</Filter>
    </None>
    <None Include="Backends\DX12\nodes\node_resource_shaderConstants.inl">
      <Filter>Backends\DX12\nodes</Filter>
    </None>
    <None Include="Backends\DX12\nodes\node_resource_texture.inl">
      <Filter>Backends\DX12\nodes</Filter>
    </None>
    <None Include="Backends\DX12\nodes\nodes.inl">
      <Filter>Backends\DX12\nodes</Filter>
    </None>
    <None Include="Backends\DX12\templates\Module\DX12Utils\stb\LICENSE">
      <Filter>Backends\DX12\templates\Module\DX12Utils\stb</Filter>
    </None>
    <None Include="Backends\DX12\templates\Application\.gitignore">
      <Filter>Backends\DX12\templates\Application</Filter>
    </None>
    <None Include="Backends\DX12\templates\Application\dxcompiler.dll">
      <Filter>Backends\DX12\templates\Application</Filter>
    </None>
    <None Include="Backends\DX12\templates\Application\dxil.dll">
      <Filter>Backends\DX12\templates\Application</Filter>
    </None>
    <None Include="Backends\DX12\templates\Application\MakeSolution.bat">
      <Filter>Backends\DX12\templates\Application</Filter>
    </None>
    <None Include="Backends\DX12\templates\Module\DX12Utils\tinyexr\README.md">
      <Filter>Backends\DX12\templates\Module\DX12Utils\tinyexr</Filter>
    </None>
    <None Include="Backends\DX12\templates\Module\DX12Utils\tinyexr\deps\miniz\LICENSE">
      <Filter>Backends\DX12\templates\Module\DX12Utils\tinyexr\deps\miniz</Filter>
    </None>
    <None Include="Backends\DX12\templates\Module\DX12Utils\tinyexr\deps\miniz\readme.md">
      <Filter>Backends\DX12\templates\Module\DX12Utils\tinyexr\deps\miniz</Filter>
    </None>
  </ItemGroup>
  <ItemGroup>
    <Text Include="Backends\DX12\templates\Module\readme.txt">
      <Filter>Backends\DX12\templates\Module</Filter>
    </Text>
    <Text Include="Backends\DX12\templates\Application\CMakeLists.txt">
      <Filter>Backends\DX12\templates\Application</Filter>
    </Text>
    <Text Include="Backends\DX12\templates\Application\readme.txt">
      <Filter>Backends\DX12\templates\Application</Filter>
    </Text>
    <Text Include="Backends\DX12\templates\Application\imgui\LICENSE.txt">
      <Filter>Backends\DX12\templates\Application\imgui</Filter>
    </Text>
  </ItemGroup>
</Project>