<?xml version="1.0" encoding="utf-8"?>
<Project ToolsVersion="4.0" xmlns="http://schemas.microsoft.com/developer/msbuild/2003">
  <ItemGroup>
    <ClCompile Include="gigicompiler.cpp" />
    <ClCompile Include="..\GigiAssert.cpp" />
    <ClCompile Include="..\FlattenRenderGraph.cpp" />
    <ClCompile Include="..\Schemas\JSONSchema.h">
      <Filter>schemas\utils</Filter>
    </ClCompile>
    <ClCompile Include="gigiinterpreter.cpp" />
    <ClCompile Include="Utils.cpp" />
    <ClCompile Include="Parse.cpp">
      <Filter>structParser</Filter>
    </ClCompile>
    <ClCompile Include="structParser.cpp">
      <Filter>structParser</Filter>
    </ClCompile>
    <ClCompile Include="SubGraphs.cpp" />
    <ClCompile Include="ProcessSlang.cpp" />
    <ClCompile Include="Backends\GraphViz.cpp">
      <Filter>Backends</Filter>
    </ClCompile>
    <ClCompile Include="Backends\Interpreter\Backend_Interpreter.cpp">
      <Filter>Backends\Interpreter</Filter>
    </ClCompile>
    <ClCompile Include="Backends\DX12\Backend_DX12.cpp">
      <Filter>Backends\DX12</Filter>
    </ClCompile>
    <ClCompile Include="Backends\DX12\templates\Module\private\technique.cpp">
      <Filter>Backends\DX12\templates\Module\private</Filter>
    </ClCompile>
    <ClCompile Include="Backends\DX12\templates\Application\main.cpp">
      <Filter>Backends\DX12\templates\Application</Filter>
    </ClCompile>
    <ClCompile Include="Backends\DX12\templates\Module\DX12Utils\dxutils.cpp">
      <Filter>Backends\DX12\templates\Module\DX12Utils</Filter>
    </ClCompile>
    <ClCompile Include="Backends\DX12\templates\Application\imgui\imgui.cpp">
      <Filter>Backends\DX12\templates\Application\imgui</Filter>
    </ClCompile>
    <ClCompile Include="Backends\DX12\templates\Application\imgui\imgui_demo.cpp">
      <Filter>Backends\DX12\templates\Application\imgui</Filter>
    </ClCompile>
    <ClCompile Include="Backends\DX12\templates\Application\imgui\imgui_draw.cpp">
      <Filter>Backends\DX12\templates\Application\imgui</Filter>
    </ClCompile>
    <ClCompile Include="Backends\DX12\templates\Application\imgui\imgui_impl_dx12.cpp">
      <Filter>Backends\DX12\templates\Application\imgui</Filter>
    </ClCompile>
    <ClCompile Include="Backends\DX12\templates\Application\imgui\imgui_impl_win32.cpp">
      <Filter>Backends\DX12\templates\Application\imgui</Filter>
    </ClCompile>
    <ClCompile Include="Backends\DX12\templates\Application\imgui\imgui_tables.cpp">
      <Filter>Backends\DX12\templates\Application\imgui</Filter>
    </ClCompile>
    <ClCompile Include="Backends\DX12\templates\Application\imgui\imgui_widgets.cpp">
      <Filter>Backends\DX12\templates\Application\imgui</Filter>
    </ClCompile>
    <ClCompile Include="Backends\DX12\templates\Module\DX12Utils\FileCache.cpp">
      <Filter>Backends\DX12\templates\Module\DX12Utils</Filter>
    </ClCompile>
    <ClCompile Include="Backends\DX12\templates\Module\DX12Utils\TextureCache.cpp">
      <Filter>Backends\DX12\templates\Module\DX12Utils</Filter>
    </ClCompile>
    <ClCompile Include="Backends\DX12\templates\Module\DX12Utils\tinyexr\deps\miniz\miniz.c">
      <Filter>Backends\DX12\templates\Module\DX12Utils\tinyexr\deps\miniz</Filter>
    </ClCompile>
    <ClCompile Include="Backends\UE_5_3\Backend_UE_5_3.cpp">
      <Filter>Backends\UE_5_3</Filter>
    </ClCompile>
    <ClCompile Include="..\external\timyxml2\tinyxml2.cpp">
      <Filter>external\timyxml2</Filter>
    </ClCompile>
    <ClCompile Include="Backends\DX12\templates\Module\DX12Utils\CompileShaders_dxc.cpp">
      <Filter>Backends\DX12\templates\Module\DX12Utils</Filter>
    </ClCompile>
    <ClCompile Include="Backends\DX12\templates\Module\DX12Utils\CompileShaders_fxc.cpp">
      <Filter>Backends\DX12\templates\Module\DX12Utils</Filter>
    </ClCompile>
    <ClCompile Include="Backends\DX12\templates\Module\DX12Utils\Camera.cpp">
      <Filter>Backends\DX12\templates\Module\DX12Utils</Filter>
    </ClCompile>
    <ClCompile Include="Backends\Shared.cpp">
      <Filter>Backends</Filter>
    </ClCompile>
    <ClCompile Include="Backends\ProcessShader_HLSL.cpp">
      <Filter>Backends</Filter>
    </ClCompile>
    <ClCompile Include="Backends\WebGPU\Backend_WebGPU.cpp">
      <Filter>Backends\WebGPU</Filter>
    </ClCompile>
    <ClCompile Include="..\RenderGraph\Visitors.cpp">
      <Filter>RenderGraph</Filter>
    </ClCompile>
  </ItemGroup>
  <ItemGroup>
    <ClInclude Include="gigicompiler.h" />
    <ClInclude Include="..\Version.h" />
    <ClInclude Include="..\GigiAssert.h" />
    <ClInclude Include="..\FlattenRenderGraph.h" />
    <ClInclude Include="..\Schemas\BackendList.h">
      <Filter>schemas</Filter>
    </ClInclude>
    <ClInclude Include="..\Schemas\RenderGraphNodes.h">
      <Filter>schemas</Filter>
    </ClInclude>
    <ClInclude Include="..\Schemas\RenderGraphNodesVariant.h">
      <Filter>schemas</Filter>
    </ClInclude>
    <ClInclude Include="..\Schemas\Schemas.h">
      <Filter>schemas</Filter>
    </ClInclude>
    <ClInclude Include="..\Schemas\SchemasCommon.h">
      <Filter>schemas</Filter>
    </ClInclude>
    <ClInclude Include="..\Schemas\SchemasShaders.h">
      <Filter>schemas</Filter>
    </ClInclude>
    <ClInclude Include="..\Schemas\SchemasVariables.h">
      <Filter>schemas</Filter>
    </ClInclude>
    <ClInclude Include="..\Schemas\HTML.h">
      <Filter>schemas\utils</Filter>
    </ClInclude>
    <ClInclude Include="..\Schemas\JSON.h">
      <Filter>schemas\utils</Filter>
    </ClInclude>
    <ClInclude Include="..\Schemas\Types.h">
      <Filter>schemas\utils</Filter>
    </ClInclude>
    <ClInclude Include="..\Schemas\Visitor.h">
      <Filter>schemas\utils</Filter>
    </ClInclude>
    <ClInclude Include="..\RenderGraph\Visitors.h">
      <Filter>RenderGraph</Filter>
    </ClInclude>
    <ClInclude Include="..\Nodes\action.h">
      <Filter>Nodes</Filter>
    </ClInclude>
    <ClInclude Include="..\Nodes\action_computeshader.h">
      <Filter>Nodes</Filter>
    </ClInclude>
    <ClInclude Include="..\Nodes\action_copyresource.h">
      <Filter>Nodes</Filter>
    </ClInclude>
    <ClInclude Include="..\Nodes\action_rayshader.h">
      <Filter>Nodes</Filter>
    </ClInclude>
    <ClInclude Include="..\Nodes\nodes.h">
      <Filter>Nodes</Filter>
    </ClInclude>
    <ClInclude Include="..\Nodes\resource.h">
      <Filter>Nodes</Filter>
    </ClInclude>
    <ClInclude Include="..\Nodes\resource_buffer.h">
      <Filter>Nodes</Filter>
    </ClInclude>
    <ClInclude Include="..\Nodes\resource_shaderconstants.h">
      <Filter>Nodes</Filter>
    </ClInclude>
    <ClInclude Include="..\Nodes\resource_texture.h">
      <Filter>Nodes</Filter>
    </ClInclude>
    <ClInclude Include="..\external\rapidjson\rapidjson.h">
      <Filter>external\rapidjson</Filter>
    </ClInclude>
    <ClInclude Include="..\external\df_serialize\Config.h">
      <Filter>external\df_serialize</Filter>
    </ClInclude>
    <ClInclude Include="..\external\df_serialize\MakeBinaryReadFooter.h">
      <Filter>external\df_serialize</Filter>
    </ClInclude>
    <ClInclude Include="..\external\df_serialize\MakeBinaryReadHeader.h">
      <Filter>external\df_serialize</Filter>
    </ClInclude>
    <ClInclude Include="..\external\df_serialize\MakeBinaryWriteFooter.h">
      <Filter>external\df_serialize</Filter>
    </ClInclude>
    <ClInclude Include="..\external\df_serialize\MakeBinaryWriteHeader.h">
      <Filter>external\df_serialize</Filter>
    </ClInclude>
    <ClInclude Include="..\external\df_serialize\MakeEqualityTests.h">
      <Filter>external\df_serialize</Filter>
    </ClInclude>
    <ClInclude Include="..\external\df_serialize\MakeHTMLFooter.h">
      <Filter>external\df_serialize</Filter>
    </ClInclude>
    <ClInclude Include="..\external\df_serialize\MakeHTMLHeader.h">
      <Filter>external\df_serialize</Filter>
    </ClInclude>
    <ClInclude Include="..\external\df_serialize\MakeJSONReadFooter.h">
      <Filter>external\df_serialize</Filter>
    </ClInclude>
    <ClInclude Include="..\external\df_serialize\MakeJSONReadHeader.h">
      <Filter>external\df_serialize</Filter>
    </ClInclude>
    <ClInclude Include="..\external\df_serialize\MakeJSONWriteFooter.h">
      <Filter>external\df_serialize</Filter>
    </ClInclude>
    <ClInclude Include="..\external\df_serialize\MakeJSONWriteHeader.h">
      <Filter>external\df_serialize</Filter>
    </ClInclude>
    <ClInclude Include="..\external\df_serialize\MakeTypes.h">
      <Filter>external\df_serialize</Filter>
    </ClInclude>
    <ClInclude Include="..\external\df_serialize\_common.h">
      <Filter>external\df_serialize</Filter>
    </ClInclude>
    <ClInclude Include="..\external\df_serialize\_fillunsetdefines.h">
      <Filter>external\df_serialize</Filter>
    </ClInclude>
    <ClInclude Include="gigiinterpreter.h" />
    <ClInclude Include="..\Schemas\PreviewWindow\PreviewWindowSchemas.h">
      <Filter>schemas\PreviewWindow</Filter>
    </ClInclude>
    <ClInclude Include="..\Schemas\PreviewWindow\PreviewMsgClientToServerVariant.h">
      <Filter>schemas\PreviewWindow</Filter>
    </ClInclude>
    <ClInclude Include="..\Schemas\PreviewWindow\PreviewMsgServerToClientVariant.h">
      <Filter>schemas\PreviewWindow</Filter>
    </ClInclude>
    <ClInclude Include="..\Schemas\DataFieldTypes.h">
      <Filter>schemas</Filter>
    </ClInclude>
    <ClInclude Include="TupleCache.h" />
    <ClInclude Include="Utils.h" />
    <ClInclude Include="..\Schemas\TextureFormats.h">
      <Filter>schemas</Filter>
    </ClInclude>
    <ClInclude Include="ParseCSV.h" />
    <ClInclude Include="..\Nodes\action_drawcall.h">
      <Filter>Nodes</Filter>
    </ClInclude>
    <ClInclude Include="Parse.h">
      <Filter>structParser</Filter>
    </ClInclude>
    <ClInclude Include="structParser.h">
      <Filter>structParser</Filter>
    </ClInclude>
    <ClInclude Include="..\Schemas\Utils.h">
      <Filter>schemas\utils</Filter>
    </ClInclude>
    <ClInclude Include="..\Nodes\action_subgraph.h">
      <Filter>Nodes</Filter>
    </ClInclude>
    <ClInclude Include="..\Nodes\action_barrier.h">
      <Filter>Nodes</Filter>
    </ClInclude>
    <ClInclude Include="SubGraphs.h" />
    <ClInclude Include="ProcessSlang.h" />
    <ClInclude Include="Backends\GraphViz.h">
      <Filter>Backends</Filter>
    </ClInclude>
    <ClInclude Include="Backends\Shared.h">
      <Filter>Backends</Filter>
    </ClInclude>
    <ClInclude Include="GigiBuildFlavorList.h" />
    <ClInclude Include="GigiBuildFlavor.h" />
    <ClInclude Include="Backends\DX12\templates\Module\public\all.h">
      <Filter>Backends\DX12\templates\Module\public</Filter>
    </ClInclude>
    <ClInclude Include="Backends\DX12\templates\Module\public\imgui.h">
      <Filter>Backends\DX12\templates\Module\public</Filter>
    </ClInclude>
    <ClInclude Include="Backends\DX12\templates\Module\public\pythoninterface.h">
      <Filter>Backends\DX12\templates\Module\public</Filter>
    </ClInclude>
    <ClInclude Include="Backends\DX12\templates\Module\public\technique.h">
      <Filter>Backends\DX12\templates\Module\public</Filter>
    </ClInclude>
    <ClInclude Include="Backends\DX12\templates\Module\private\technique.h">
      <Filter>Backends\DX12\templates\Module\private</Filter>
    </ClInclude>
    <ClInclude Include="Backends\DX12\templates\Module\DX12Utils\DelayedReleaseTracker.h">
      <Filter>Backends\DX12\templates\Module\DX12Utils</Filter>
    </ClInclude>
    <ClInclude Include="Backends\DX12\templates\Module\DX12Utils\HeapAllocationTracker.h">
      <Filter>Backends\DX12\templates\Module\DX12Utils</Filter>
    </ClInclude>
    <ClInclude Include="Backends\DX12\templates\Module\DX12Utils\ReadbackHelper.h">
      <Filter>Backends\DX12\templates\Module\DX12Utils</Filter>
    </ClInclude>
    <ClInclude Include="Backends\DX12\templates\Module\DX12Utils\dxutils.h">
      <Filter>Backends\DX12\templates\Module\DX12Utils</Filter>
    </ClInclude>
    <ClInclude Include="Backends\DX12\templates\Module\DX12Utils\logfn.h">
      <Filter>Backends\DX12\templates\Module\DX12Utils</Filter>
    </ClInclude>
    <ClInclude Include="Backends\DX12\templates\Module\DX12Utils\stb\stb_image.h">
      <Filter>Backends\DX12\templates\Module\DX12Utils\stb</Filter>
    </ClInclude>
    <ClInclude Include="Backends\DX12\templates\Application\imgui\imconfig.h">
      <Filter>Backends\DX12\templates\Application\imgui</Filter>
    </ClInclude>
    <ClInclude Include="Backends\DX12\templates\Application\imgui\imgui.h">
      <Filter>Backends\DX12\templates\Application\imgui</Filter>
    </ClInclude>
    <ClInclude Include="Backends\DX12\templates\Application\imgui\imgui_impl_dx12.h">
      <Filter>Backends\DX12\templates\Application\imgui</Filter>
    </ClInclude>
    <ClInclude Include="Backends\DX12\templates\Application\imgui\imgui_impl_win32.h">
      <Filter>Backends\DX12\templates\Application\imgui</Filter>
    </ClInclude>
    <ClInclude Include="Backends\DX12\templates\Application\imgui\imgui_internal.h">
      <Filter>Backends\DX12\templates\Application\imgui</Filter>
    </ClInclude>
    <ClInclude Include="Backends\DX12\templates\Application\imgui\imstb_rectpack.h">
      <Filter>Backends\DX12\templates\Application\imgui</Filter>
    </ClInclude>
    <ClInclude Include="Backends\DX12\templates\Application\imgui\imstb_textedit.h">
      <Filter>Backends\DX12\templates\Application\imgui</Filter>
    </ClInclude>
    <ClInclude Include="Backends\DX12\templates\Application\imgui\imstb_truetype.h">
      <Filter>Backends\DX12\templates\Application\imgui</Filter>
    </ClInclude>
    <ClInclude Include="Backends\DX12\templates\Module\DX12Utils\FileCache.h">
      <Filter>Backends\DX12\templates\Module\DX12Utils</Filter>
    </ClInclude>
    <ClInclude Include="Backends\DX12\templates\Module\DX12Utils\TextureCache.h">
      <Filter>Backends\DX12\templates\Module\DX12Utils</Filter>
    </ClInclude>
    <ClInclude Include="Backends\DX12\templates\Module\DX12Utils\tinyexr\tinyexr.h">
      <Filter>Backends\DX12\templates\Module\DX12Utils\tinyexr</Filter>
    </ClInclude>
    <ClInclude Include="Backends\DX12\templates\Module\DX12Utils\tinyexr\deps\miniz\miniz.h">
      <Filter>Backends\DX12\templates\Module\DX12Utils\tinyexr\deps\miniz</Filter>
    </ClInclude>
    <ClInclude Include="Backends\DX12\templates\Module\DX12Utils\ParseCSV.h">
      <Filter>Backends\DX12\templates\Module\DX12Utils</Filter>
    </ClInclude>
    <ClInclude Include="Backends\DX12\templates\Module\DX12Utils\SRGB.h">
      <Filter>Backends\DX12\templates\Module\DX12Utils</Filter>
    </ClInclude>
    <ClInclude Include="..\Schemas\Misc\BackendTemplateSchemas.h">
      <Filter>schemas\Misc</Filter>
    </ClInclude>
    <ClInclude Include="..\external\timyxml2\tinyxml2.h">
      <Filter>external\timyxml2</Filter>
    </ClInclude>
    <ClInclude Include="Backends\UE_5_3\nodes\node_resource_texture.h">
      <Filter>Backends\UE_5_3\nodes</Filter>
    </ClInclude>
    <ClInclude Include="Backends\UE_5_3\nodes\node_action_barrier.h">
      <Filter>Backends\UE_5_3\nodes</Filter>
    </ClInclude>
    <ClInclude Include="Backends\UE_5_3\nodes\node_action_computeShader.h">
      <Filter>Backends\UE_5_3\nodes</Filter>
    </ClInclude>
    <ClInclude Include="Backends\UE_5_3\nodes\node_action_copyResource.h">
      <Filter>Backends\UE_5_3\nodes</Filter>
    </ClInclude>
    <ClInclude Include="Backends\UE_5_3\nodes\node_action_drawCall.h">
      <Filter>Backends\UE_5_3\nodes</Filter>
    </ClInclude>
    <ClInclude Include="Backends\UE_5_3\nodes\node_action_rayShader.h">
      <Filter>Backends\UE_5_3\nodes</Filter>
    </ClInclude>
    <ClInclude Include="Backends\UE_5_3\nodes\node_action_subGraph.h">
      <Filter>Backends\UE_5_3\nodes</Filter>
    </ClInclude>
    <ClInclude Include="Backends\UE_5_3\nodes\node_resource_buffer.h">
      <Filter>Backends\UE_5_3\nodes</Filter>
    </ClInclude>
    <ClInclude Include="Backends\UE_5_3\nodes\node_resource_shaderConstants.h">
      <Filter>Backends\UE_5_3\nodes</Filter>
    </ClInclude>
    <ClInclude Include="Backends\UE_5_3\nodes\allNodes.h">
      <Filter>Backends\UE_5_3\nodes</Filter>
    </ClInclude>
    <ClInclude Include="ParseText.h" />
    <ClInclude Include="Backends\DX12\templates\Module\AgilitySDK\include\d3d12.h">
      <Filter>Backends\DX12\templates\Module\AgilitySDK\include</Filter>
    </ClInclude>
    <ClInclude Include="Backends\DX12\templates\Module\AgilitySDK\include\d3d12compatibility.h">
      <Filter>Backends\DX12\templates\Module\AgilitySDK\include</Filter>
    </ClInclude>
    <ClInclude Include="Backends\DX12\templates\Module\AgilitySDK\include\d3d12sdklayers.h">
      <Filter>Backends\DX12\templates\Module\AgilitySDK\include</Filter>
    </ClInclude>
    <ClInclude Include="Backends\DX12\templates\Module\AgilitySDK\include\d3d12shader.h">
      <Filter>Backends\DX12\templates\Module\AgilitySDK\include</Filter>
    </ClInclude>
    <ClInclude Include="Backends\DX12\templates\Module\AgilitySDK\include\D3D12TokenizedProgramFormat.hpp">
      <Filter>Backends\DX12\templates\Module\AgilitySDK\include</Filter>
    </ClInclude>
    <ClInclude Include="Backends\DX12\templates\Module\AgilitySDK\include\d3d12video.h">
      <Filter>Backends\DX12\templates\Module\AgilitySDK\include</Filter>
    </ClInclude>
    <ClInclude Include="Backends\DX12\templates\Module\AgilitySDK\include\d3dcommon.h">
      <Filter>Backends\DX12\templates\Module\AgilitySDK\include</Filter>
    </ClInclude>
    <ClInclude Include="Backends\DX12\templates\Module\AgilitySDK\include\dxgiformat.h">
      <Filter>Backends\DX12\templates\Module\AgilitySDK\include</Filter>
    </ClInclude>
    <ClInclude Include="Backends\DX12\templates\Module\AgilitySDK\include\d3dx12\d3dx12.h">
      <Filter>Backends\DX12\templates\Module\AgilitySDK\include\d3dx12</Filter>
    </ClInclude>
    <ClInclude Include="Backends\DX12\templates\Module\AgilitySDK\include\d3dx12\d3dx12_barriers.h">
      <Filter>Backends\DX12\templates\Module\AgilitySDK\include\d3dx12</Filter>
    </ClInclude>
    <ClInclude Include="Backends\DX12\templates\Module\AgilitySDK\include\d3dx12\d3dx12_check_feature_support.h">
      <Filter>Backends\DX12\templates\Module\AgilitySDK\include\d3dx12</Filter>
    </ClInclude>
    <ClInclude Include="Backends\DX12\templates\Module\AgilitySDK\include\d3dx12\d3dx12_core.h">
      <Filter>Backends\DX12\templates\Module\AgilitySDK\include\d3dx12</Filter>
    </ClInclude>
    <ClInclude Include="Backends\DX12\templates\Module\AgilitySDK\include\d3dx12\d3dx12_default.h">
      <Filter>Backends\DX12\templates\Module\AgilitySDK\include\d3dx12</Filter>
    </ClInclude>
    <ClInclude Include="Backends\DX12\templates\Module\AgilitySDK\include\d3dx12\d3dx12_pipeline_state_stream.h">
      <Filter>Backends\DX12\templates\Module\AgilitySDK\include\d3dx12</Filter>
    </ClInclude>
    <ClInclude Include="Backends\DX12\templates\Module\AgilitySDK\include\d3dx12\d3dx12_property_format_table.h">
      <Filter>Backends\DX12\templates\Module\AgilitySDK\include\d3dx12</Filter>
    </ClInclude>
    <ClInclude Include="Backends\DX12\templates\Module\AgilitySDK\include\d3dx12\d3dx12_render_pass.h">
      <Filter>Backends\DX12\templates\Module\AgilitySDK\include\d3dx12</Filter>
    </ClInclude>
    <ClInclude Include="Backends\DX12\templates\Module\AgilitySDK\include\d3dx12\d3dx12_resource_helpers.h">
      <Filter>Backends\DX12\templates\Module\AgilitySDK\include\d3dx12</Filter>
    </ClInclude>
    <ClInclude Include="Backends\DX12\templates\Module\AgilitySDK\include\d3dx12\d3dx12_root_signature.h">
      <Filter>Backends\DX12\templates\Module\AgilitySDK\include\d3dx12</Filter>
    </ClInclude>
    <ClInclude Include="Backends\DX12\templates\Module\AgilitySDK\include\d3dx12\d3dx12_state_object.h">
      <Filter>Backends\DX12\templates\Module\AgilitySDK\include\d3dx12</Filter>
    </ClInclude>
    <ClInclude Include="Backends\DX12\templates\Module\DX12Utils\CompileShaders.h">
      <Filter>Backends\DX12\templates\Module\DX12Utils</Filter>
    </ClInclude>
    <ClInclude Include="Backends\DX12\templates\Module\DX12Utils\Camera.h">
      <Filter>Backends\DX12\templates\Module\DX12Utils</Filter>
    </ClInclude>
    <ClInclude Include="..\Schemas\Browser\BrowserSchemas.h">
      <Filter>schemas\Browser</Filter>
    </ClInclude>
    <ClInclude Include="Backends\ProcessShader.h">
      <Filter>Backends</Filter>
    </ClInclude>
    <ClInclude Include="..\Schemas\WebGPU\WebGPUSchemas.h">
      <Filter>schemas\WebGPU</Filter>
    </ClInclude>
    <ClInclude Include="Backends\DX12\templates\Module\DX12Utils\ShaderCompilerCommon.h">
      <Filter>Backends\DX12\templates\Module\DX12Utils</Filter>
    </ClInclude>
    <ClInclude Include="Backends\Interpreter\templates\linalg.h">
      <Filter>Backends\Interpreter\templates</Filter>
    </ClInclude>
  </ItemGroup>
  <ItemGroup>
    <Filter Include="schemas">
      <UniqueIdentifier>{651e15e4-4d58-4ab3-8d3b-64ed4e9a97ac}</UniqueIdentifier>
    </Filter>
    <Filter Include="schemas\utils">
      <UniqueIdentifier>{6fdec3dc-24cc-4b67-8f70-8f634148bacf}</UniqueIdentifier>
    </Filter>
    <Filter Include="RenderGraph">
      <UniqueIdentifier>{d659d8a6-7752-4b47-85b5-910b05bef859}</UniqueIdentifier>
    </Filter>
    <Filter Include="Nodes">
      <UniqueIdentifier>{42a7587b-0760-4955-9775-ad67088847a5}</UniqueIdentifier>
    </Filter>
    <Filter Include="external">
      <UniqueIdentifier>{41e24ead-af6f-4341-a68b-4d3a067f3dd0}</UniqueIdentifier>
    </Filter>
    <Filter Include="external\rapidjson">
      <UniqueIdentifier>{b4b3164b-f0c1-458e-a608-86f51ee526c1}</UniqueIdentifier>
    </Filter>
    <Filter Include="external\df_serialize">
      <UniqueIdentifier>{5b748883-4e17-4078-9bfe-06e54b285165}</UniqueIdentifier>
    </Filter>
    <Filter Include="Backends">
      <UniqueIdentifier>{6e5761f2-bd85-4e0d-8b11-1a1661ba0dd9}</UniqueIdentifier>
    </Filter>
    <Filter Include="Backends\DX12">
      <UniqueIdentifier>{2af5409c-97b7-4c73-948f-8f838aa661e3}</UniqueIdentifier>
    </Filter>
    <Filter Include="Backends\DX12\nodes">
      <UniqueIdentifier>{586c0c5d-c972-4678-ac42-d8d203d04774}</UniqueIdentifier>
    </Filter>
    <Filter Include="Backends\Interpreter">
      <UniqueIdentifier>{06097c68-d2c2-4740-9763-6990573f93d6}</UniqueIdentifier>
    </Filter>
    <Filter Include="schemas\PreviewWindow">
      <UniqueIdentifier>{f201c749-d692-435d-b62a-f17ddf9e1254}</UniqueIdentifier>
    </Filter>
    <Filter Include="structParser">
      <UniqueIdentifier>{2e49991b-a4d4-405a-8550-51cd947ae3a8}</UniqueIdentifier>
    </Filter>
    <Filter Include="Backends\DX12\templates">
      <UniqueIdentifier>{a7b69068-c836-463c-b7ba-9f78cd9fa523}</UniqueIdentifier>
    </Filter>
    <Filter Include="Backends\DX12\templates\Module">
      <UniqueIdentifier>{a1be87c1-d2b7-4143-a62d-9ce1ad1c59cd}</UniqueIdentifier>
    </Filter>
    <Filter Include="Backends\DX12\templates\Module\private">
      <UniqueIdentifier>{557ddae2-d7b0-4c48-861c-cd70f27b53ea}</UniqueIdentifier>
    </Filter>
    <Filter Include="Backends\DX12\templates\Module\public">
      <UniqueIdentifier>{3de0ff12-a8d9-493f-a51b-d0f41b45a84e}</UniqueIdentifier>
    </Filter>
    <Filter Include="Backends\DX12\templates\Application">
      <UniqueIdentifier>{d793e420-048e-44c1-ad44-d302deb7eb53}</UniqueIdentifier>
    </Filter>
    <Filter Include="Backends\DX12\templates\Module\DX12Utils">
      <UniqueIdentifier>{96ddf888-aa27-4d23-9a39-46345924f5ae}</UniqueIdentifier>
    </Filter>
    <Filter Include="Backends\DX12\templates\Module\DX12Utils\stb">
      <UniqueIdentifier>{4e3a44ee-68aa-4ce0-9b28-c46769bb9146}</UniqueIdentifier>
    </Filter>
    <Filter Include="Backends\DX12\templates\Application\imgui">
      <UniqueIdentifier>{d8075332-1d01-49b2-a9c6-eb3a2266b25a}</UniqueIdentifier>
    </Filter>
    <Filter Include="Backends\DX12\templates\Module\DX12Utils\tinyexr">
      <UniqueIdentifier>{02154478-02c7-43bf-bddc-6c02652cf423}</UniqueIdentifier>
    </Filter>
    <Filter Include="Backends\DX12\templates\Module\DX12Utils\tinyexr\deps">
      <UniqueIdentifier>{8c91da7b-359d-4975-b114-5a372f2a7de6}</UniqueIdentifier>
    </Filter>
    <Filter Include="Backends\DX12\templates\Module\DX12Utils\tinyexr\deps\miniz">
      <UniqueIdentifier>{58a3cc07-fc20-4175-b9c3-db66e0ff33ab}</UniqueIdentifier>
    </Filter>
    <Filter Include="schemas\Misc">
      <UniqueIdentifier>{a3ba0859-abb0-42eb-bb97-0471b63a4037}</UniqueIdentifier>
    </Filter>
    <Filter Include="Backends\UE_5_3">
      <UniqueIdentifier>{87c1024b-1224-4971-ba3c-9081e481f77a}</UniqueIdentifier>
    </Filter>
    <Filter Include="Backends\UE_5_3\templates">
      <UniqueIdentifier>{db338c19-1edf-482e-acad-200b5817d93c}</UniqueIdentifier>
    </Filter>
    <Filter Include="external\timyxml2">
      <UniqueIdentifier>{fa16a087-4567-426a-b093-af1421e05c99}</UniqueIdentifier>
    </Filter>
    <Filter Include="Backends\UE_5_3\nodes">
      <UniqueIdentifier>{bf123da1-1d7e-4ac8-a05f-bbfd8db9668a}</UniqueIdentifier>
    </Filter>
    <Filter Include="Backends\UE_5_3\templates\NodeTemplates">
      <UniqueIdentifier>{43c296f8-22d7-4b11-a58b-80832dd4de1d}</UniqueIdentifier>
    </Filter>
    <Filter Include="Backends\UE_5_3\templates\public">
      <UniqueIdentifier>{608aed42-ebbf-4cfe-a698-da95316b5c2d}</UniqueIdentifier>
    </Filter>
    <Filter Include="Backends\UE_5_3\templates\private">
      <UniqueIdentifier>{37257b4b-7b57-4b73-9edd-8d87a2831624}</UniqueIdentifier>
    </Filter>
    <Filter Include="Backends\DX12\templates\Module\AgilitySDK">
      <UniqueIdentifier>{a1018a8e-47c7-47bf-9f47-e02e857cf842}</UniqueIdentifier>
    </Filter>
    <Filter Include="Backends\DX12\templates\Module\AgilitySDK\bin">
      <UniqueIdentifier>{de471de0-e89e-4117-8453-b08fe2ba44d6}</UniqueIdentifier>
    </Filter>
    <Filter Include="Backends\DX12\templates\Module\AgilitySDK\include">
      <UniqueIdentifier>{7693185f-aaf4-4c11-9451-0c0355679480}</UniqueIdentifier>
    </Filter>
    <Filter Include="Backends\DX12\templates\Module\AgilitySDK\include\d3dx12">
      <UniqueIdentifier>{3771847f-1c21-43cf-be29-a8b4a140604a}</UniqueIdentifier>
    </Filter>
    <Filter Include="schemas\Browser">
      <UniqueIdentifier>{c824d9a0-2bc5-4b45-8dcc-1c5e0913d765}</UniqueIdentifier>
    </Filter>
    <Filter Include="Backends\WebGPU">
      <UniqueIdentifier>{debf4e0c-4e07-4422-8ce9-1bd0b4c158d0}</UniqueIdentifier>
    </Filter>
    <Filter Include="Backends\WebGPU\nodes">
      <UniqueIdentifier>{60e1e444-855a-4198-b367-c0fed4256eb5}</UniqueIdentifier>
    </Filter>
    <Filter Include="Backends\WebGPU\templates">
      <UniqueIdentifier>{60d39be5-572d-4c42-8222-f06ed8cf3ade}</UniqueIdentifier>
    </Filter>
    <Filter Include="Backends\WebGPU\templates\Application">
      <UniqueIdentifier>{df9e89ef-049d-41a2-b63f-b8e434523a04}</UniqueIdentifier>
    </Filter>
    <Filter Include="Backends\WebGPU\templates\Module">
      <UniqueIdentifier>{fe8333e4-d039-4bda-9c71-519bd3ab8c41}</UniqueIdentifier>
    </Filter>
    <Filter Include="schemas\WebGPU">
      <UniqueIdentifier>{3b19a543-4551-4444-a25e-6748b9c1345b}</UniqueIdentifier>
    </Filter>
    <Filter Include="Backends\Interpreter\templates">
      <UniqueIdentifier>{70910021-e323-4186-9f2b-57f649a8f2b1}</UniqueIdentifier>
    </Filter>
  </ItemGroup>
  <ItemGroup>
    <None Include="Backends\DX12\nodes\node_action_barrier.inl">
      <Filter>Backends\DX12\nodes</Filter>
    </None>
    <None Include="Backends\DX12\nodes\node_action_computeShader.inl">
      <Filter>Backends\DX12\nodes</Filter>
    </None>
    <None Include="Backends\DX12\nodes\node_action_copyResource.inl">
      <Filter>Backends\DX12\nodes</Filter>
    </None>
    <None Include="Backends\DX12\nodes\node_action_drawCall.inl">
      <Filter>Backends\DX12\nodes</Filter>
    </None>
    <None Include="Backends\DX12\nodes\node_action_rayShader.inl">
      <Filter>Backends\DX12\nodes</Filter>
    </None>
    <None Include="Backends\DX12\nodes\node_action_subGraph.inl">
      <Filter>Backends\DX12\nodes</Filter>
    </None>
    <None Include="Backends\DX12\nodes\node_resource_buffer.inl">
      <Filter>Backends\DX12\nodes</Filter>
    </None>
    <None Include="Backends\DX12\nodes\node_resource_shaderConstants.inl">
      <Filter>Backends\DX12\nodes</Filter>
    </None>
    <None Include="Backends\DX12\nodes\node_resource_texture.inl">
      <Filter>Backends\DX12\nodes</Filter>
    </None>
    <None Include="Backends\DX12\nodes\nodes.inl">
      <Filter>Backends\DX12\nodes</Filter>
    </None>
    <None Include="Backends\DX12\templates\Module\DX12Utils\stb\LICENSE">
      <Filter>Backends\DX12\templates\Module\DX12Utils\stb</Filter>
    </None>
    <None Include="Backends\DX12\templates\Application\.gitignore">
      <Filter>Backends\DX12\templates\Application</Filter>
    </None>
    <None Include="Backends\DX12\templates\Application\MakeSolution.bat">
      <Filter>Backends\DX12\templates\Application</Filter>
    </None>
    <None Include="Backends\DX12\templates\Module\DX12Utils\tinyexr\README.md">
      <Filter>Backends\DX12\templates\Module\DX12Utils\tinyexr</Filter>
    </None>
    <None Include="Backends\DX12\templates\Module\DX12Utils\tinyexr\deps\miniz\LICENSE">
      <Filter>Backends\DX12\templates\Module\DX12Utils\tinyexr\deps\miniz</Filter>
    </None>
    <None Include="Backends\DX12\templates\Module\DX12Utils\tinyexr\deps\miniz\readme.md">
      <Filter>Backends\DX12\templates\Module\DX12Utils\tinyexr\deps\miniz</Filter>
    </None>
    <None Include="Backends\UE_5_3\templates\ggconfig.json">
      <Filter>Backends\UE_5_3\templates</Filter>
    </None>
    <None Include="Backends\UE_5_3\templates\Readme.txt">
      <Filter>Backends\UE_5_3\templates</Filter>
    </None>
    <None Include="Backends\UE_5_3\templates\NodeTemplates\ResourceTexture.xml">
      <Filter>Backends\UE_5_3\templates\NodeTemplates</Filter>
    </None>
    <None Include="Backends\UE_5_3\templates\NodeTemplates\ActionComputeShader.xml">
      <Filter>Backends\UE_5_3\templates\NodeTemplates</Filter>
    </None>
    <None Include="Backends\UE_5_3\templates\public\Technique.h">
      <Filter>Backends\UE_5_3\templates\public</Filter>
    </None>
    <None Include="Backends\UE_5_3\templates\private\Technique.cpp">
      <Filter>Backends\UE_5_3\templates\private</Filter>
    </None>
    <None Include="Backends\UE_5_3\templates\install.bat">
      <Filter>Backends\UE_5_3\templates</Filter>
    </None>
    <None Include="Backends\UE_5_3\templates\NodeTemplates\ResourceBuffer.xml">
      <Filter>Backends\UE_5_3\templates\NodeTemplates</Filter>
    </None>
    <None Include="Backends\UE_5_3\templates\NodeTemplates\ActionCopyResource.xml">
      <Filter>Backends\UE_5_3\templates\NodeTemplates</Filter>
    </None>
    <None Include="Backends\UE_5_3\templates\NodeTemplates\ActionDrawCall.xml">
      <Filter>Backends\UE_5_3\templates\NodeTemplates</Filter>
    </None>
    <None Include="Backends\UE_5_3\templates\NodeTemplates\ActionRayShader.xml">
      <Filter>Backends\UE_5_3\templates\NodeTemplates</Filter>
    </None>
    <None Include="Backends\DX12\templates\Module\AgilitySDK\bin\D3D12Core.dll">
      <Filter>Backends\DX12\templates\Module\AgilitySDK\bin</Filter>
    </None>
    <None Include="Backends\DX12\templates\Module\AgilitySDK\bin\D3D12Core.pdb">
      <Filter>Backends\DX12\templates\Module\AgilitySDK\bin</Filter>
    </None>
    <None Include="Backends\DX12\templates\Module\AgilitySDK\bin\d3d12SDKLayers.dll">
      <Filter>Backends\DX12\templates\Module\AgilitySDK\bin</Filter>
    </None>
    <None Include="Backends\DX12\templates\Module\AgilitySDK\bin\d3d12SDKLayers.pdb">
      <Filter>Backends\DX12\templates\Module\AgilitySDK\bin</Filter>
    </None>
    <None Include="Backends\DX12\templates\Module\AgilitySDK\bin\d3dconfig.exe">
      <Filter>Backends\DX12\templates\Module\AgilitySDK\bin</Filter>
    </None>
    <None Include="Backends\DX12\templates\Module\AgilitySDK\bin\d3dconfig.pdb">
      <Filter>Backends\DX12\templates\Module\AgilitySDK\bin</Filter>
    </None>
    <None Include="Backends\DX12\templates\Module\ggconfig.json">
      <Filter>Backends\DX12\templates\Module</Filter>
    </None>
    <None Include="Backends\WebGPU\templates\Module\ggconfig.json">
      <Filter>Backends\WebGPU\templates\Module</Filter>
    </None>
    <None Include="Backends\WebGPU\templates\Module\Module.js">
      <Filter>Backends\WebGPU\templates\Module</Filter>
    </None>
    <None Include="Backends\WebGPU\templates\Application\index.html">
      <Filter>Backends\WebGPU\templates\Application</Filter>
    </None>
    <None Include="Backends\WebGPU\templates\Application\index.js">
      <Filter>Backends\WebGPU\templates\Application</Filter>
    </None>
    <None Include="Backends\WebGPU\nodes\nodes.inl">
      <Filter>Backends\WebGPU\nodes</Filter>
    </None>
    <None Include="Backends\WebGPU\nodes\node_action_barrier.inl">
      <Filter>Backends\WebGPU\nodes</Filter>
    </None>
    <None Include="Backends\WebGPU\nodes\node_action_computeShader.inl">
      <Filter>Backends\WebGPU\nodes</Filter>
    </None>
    <None Include="Backends\WebGPU\nodes\node_action_copyResource.inl">
      <Filter>Backends\WebGPU\nodes</Filter>
    </None>
    <None Include="Backends\WebGPU\nodes\node_action_drawCall.inl">
      <Filter>Backends\WebGPU\nodes</Filter>
    </None>
    <None Include="Backends\WebGPU\nodes\node_action_rayShader.inl">
      <Filter>Backends\WebGPU\nodes</Filter>
    </None>
    <None Include="Backends\WebGPU\nodes\node_action_subGraph.inl">
      <Filter>Backends\WebGPU\nodes</Filter>
    </None>
    <None Include="Backends\WebGPU\nodes\node_resource_buffer.inl">
      <Filter>Backends\WebGPU\nodes</Filter>
    </None>
    <None Include="Backends\WebGPU\nodes\node_resource_shaderConstants.inl">
      <Filter>Backends\WebGPU\nodes</Filter>
    </None>
    <None Include="Backends\WebGPU\nodes\node_resource_texture.inl">
      <Filter>Backends\WebGPU\nodes</Filter>
    </None>
    <None Include="Backends\WebGPU\templates\Application\.gitignore">
      <Filter>Backends\WebGPU\templates\Application</Filter>
    </None>
    <None Include="Backends\WebGPU\templates\Application\Node_GetPackages.bat">
      <Filter>Backends\WebGPU\templates\Application</Filter>
    </None>
    <None Include="Backends\WebGPU\templates\Application\Node_Run.bat">
      <Filter>Backends\WebGPU\templates\Application</Filter>
    </None>
    <None Include="Backends\WebGPU\templates\Application\Web_Open.bat">
      <Filter>Backends\WebGPU\templates\Application</Filter>
    </None>
    <None Include="Backends\WebGPU\templates\Application\Web_Start.bat">
      <Filter>Backends\WebGPU\templates\Application</Filter>
    </None>
    <None Include="Backends\WebGPU\templates\Application\jquery-csv.js">
      <Filter>Backends\WebGPU\templates\Application</Filter>
    </None>
    <None Include="Backends\WebGPU\templates\Application\style.css">
      <Filter>Backends\WebGPU\templates\Application</Filter>
    </None>
    <None Include="Backends\WebGPU\templates\Module\Shared.js">
      <Filter>Backends\WebGPU\templates\Module</Filter>
    </None>
    <None Include="Backends\WebGPU\templates\Module\GigiRayTracingEmulation.hlsli">
      <Filter>Backends\WebGPU\templates\Module</Filter>
    </None>
    <None Include="Backends\WebGPU\templates\Module\BVH.hlsli">
      <Filter>Backends\WebGPU\templates\Module</Filter>
    </None>
    <None Include="..\.editorconfig" />
    <None Include="Backends\Interpreter\templates\ggconfig.json">
      <Filter>Backends\Interpreter\templates</Filter>
    </None>
    <None Include="Backends\WebGPU\nodes\node_reroute.inl">
      <Filter>Backends\WebGPU\nodes</Filter>
    </None>
    <None Include="Backends\DX12\nodes\node_reroute.inl">
      <Filter>Backends\DX12\nodes</Filter>
    </None>
    <None Include="Backends\UE_5_3\nodes\node_reroute.inl">
      <Filter>Backends\UE_5_3\nodes</Filter>
    </None>
    </None>
  </ItemGroup>
  <ItemGroup>
    <Text Include="Backends\DX12\templates\Module\readme.txt">
      <Filter>Backends\DX12\templates\Module</Filter>
    </Text>
    <Text Include="Backends\DX12\templates\Application\CMakeLists.txt">
      <Filter>Backends\DX12\templates\Application</Filter>
    </Text>
    <Text Include="Backends\DX12\templates\Application\readme.txt">
      <Filter>Backends\DX12\templates\Application</Filter>
    </Text>
    <Text Include="Backends\DX12\templates\Application\imgui\LICENSE.txt">
      <Filter>Backends\DX12\templates\Application\imgui</Filter>
    </Text>
    <Text Include="Backends\WebGPU\templates\Application\Readme.txt">
      <Filter>Backends\WebGPU\templates\Application</Filter>
    </Text>
  </ItemGroup>
  <ItemGroup>
    <Midl Include="Backends\DX12\templates\Module\AgilitySDK\include\d3d12.idl">
      <Filter>Backends\DX12\templates\Module\AgilitySDK\include</Filter>
    </Midl>
    <Midl Include="Backends\DX12\templates\Module\AgilitySDK\include\d3d12compatibility.idl">
      <Filter>Backends\DX12\templates\Module\AgilitySDK\include</Filter>
    </Midl>
    <Midl Include="Backends\DX12\templates\Module\AgilitySDK\include\d3d12sdklayers.idl">
      <Filter>Backends\DX12\templates\Module\AgilitySDK\include</Filter>
    </Midl>
    <Midl Include="Backends\DX12\templates\Module\AgilitySDK\include\d3d12video.idl">
      <Filter>Backends\DX12\templates\Module\AgilitySDK\include</Filter>
    </Midl>
    <Midl Include="Backends\DX12\templates\Module\AgilitySDK\include\d3dcommon.idl">
      <Filter>Backends\DX12\templates\Module\AgilitySDK\include</Filter>
    </Midl>
    <Midl Include="Backends\DX12\templates\Module\AgilitySDK\include\dxgiformat.idl">
      <Filter>Backends\DX12\templates\Module\AgilitySDK\include</Filter>
    </Midl>
  </ItemGroup>
  <ItemGroup>
    <Image Include="Backends\WebGPU\templates\Application\favicon.ico">
      <Filter>Backends\WebGPU\templates\Application</Filter>
    </Image>
  </ItemGroup>
</Project>