<?xml version="1.0" encoding="utf-8"?>
<Project ToolsVersion="4.0" xmlns="http://schemas.microsoft.com/developer/msbuild/2003">
  <ItemGroup>
    <ClCompile Include="main.cpp" />
    <ClCompile Include="..\external\imgui-node-editor\crude_json.cpp">
      <Filter>imgui-node-editor</Filter>
    </ClCompile>
    <ClCompile Include="..\external\imgui-node-editor\imgui_canvas.cpp">
      <Filter>imgui-node-editor</Filter>
    </ClCompile>
    <ClCompile Include="..\external\imgui-node-editor\imgui_node_editor.cpp">
      <Filter>imgui-node-editor</Filter>
    </ClCompile>
    <ClCompile Include="..\external\imgui-node-editor\imgui_node_editor_api.cpp">
      <Filter>imgui-node-editor</Filter>
    </ClCompile>
    <ClCompile Include="..\external\imgui-node-editor\external\imgui\imgui.cpp">
      <Filter>imgui</Filter>
    </ClCompile>
    <ClCompile Include="..\external\imgui-node-editor\external\imgui\imgui_demo.cpp">
      <Filter>imgui</Filter>
    </ClCompile>
    <ClCompile Include="..\external\imgui-node-editor\external\imgui\imgui_draw.cpp">
      <Filter>imgui</Filter>
    </ClCompile>
    <ClCompile Include="..\external\imgui-node-editor\external\imgui\imgui_tables.cpp">
      <Filter>imgui</Filter>
    </ClCompile>
    <ClCompile Include="..\external\imgui-node-editor\external\imgui\imgui_widgets.cpp">
      <Filter>imgui</Filter>
    </ClCompile>
    <ClCompile Include="..\external\imgui-node-editor\examples\application\source\application.cpp">
      <Filter>imgui-node-editor\examples\application</Filter>
    </ClCompile>
    <ClCompile Include="..\external\imgui-node-editor\examples\application\source\entry_point.cpp">
      <Filter>imgui-node-editor\examples\application</Filter>
    </ClCompile>
    <ClCompile Include="..\external\imgui-node-editor\examples\application\source\imgui_impl_dx11.cpp">
      <Filter>imgui-node-editor\examples\application</Filter>
    </ClCompile>
    <ClCompile Include="..\external\imgui-node-editor\examples\application\source\imgui_impl_win32.cpp">
      <Filter>imgui-node-editor\examples\application</Filter>
    </ClCompile>
    <ClCompile Include="..\external\imgui-node-editor\examples\application\source\platform_win32.cpp">
      <Filter>imgui-node-editor\examples\application</Filter>
    </ClCompile>
    <ClCompile Include="..\external\imgui-node-editor\examples\application\source\renderer_dx11.cpp">
      <Filter>imgui-node-editor\examples\application</Filter>
    </ClCompile>
    <ClCompile Include="..\external\nativefiledialog\src\nfd_common.c">
      <Filter>nativefiledialog</Filter>
    </ClCompile>
    <ClCompile Include="..\external\nativefiledialog\src\nfd_win.cpp">
      <Filter>nativefiledialog</Filter>
    </ClCompile>
    <ClCompile Include="..\GigiAssert.cpp">
      <Filter>Gigi</Filter>
    </ClCompile>
    <ClCompile Include="ui\widgets.cpp">
      <Filter>UI</Filter>
    </ClCompile>
    <ClCompile Include="ui\drawing.cpp">
      <Filter>UI</Filter>
    </ClCompile>
    <ClCompile Include="ui\builders.cpp">
      <Filter>UI</Filter>
    </ClCompile>
    <ClCompile Include="PreviewServer.cpp" />
    <ClCompile Include="ui\RecentFiles.cpp">
      <Filter>UI</Filter>
    </ClCompile>
    <ClCompile Include="..\external\imgui-node-editor\external\imgui\imgui_stdlib.cpp">
      <Filter>imgui</Filter>
    </ClCompile>
  </ItemGroup>
  <ItemGroup>
    <Filter Include="imgui">
      <UniqueIdentifier>{3ff19472-777f-4bc0-b14f-1795010cd29b}</UniqueIdentifier>
    </Filter>
    <Filter Include="imgui-node-editor">
      <UniqueIdentifier>{dacb0ec3-09af-46b3-a535-41a890121f5e}</UniqueIdentifier>
    </Filter>
    <Filter Include="imgui-node-editor\examples">
      <UniqueIdentifier>{d6ae5fc0-fb08-404d-bb29-f210d752d375}</UniqueIdentifier>
    </Filter>
    <Filter Include="imgui-node-editor\examples\application">
      <UniqueIdentifier>{7b09a4ee-ae90-4de4-8cd2-d66fa5ae9deb}</UniqueIdentifier>
    </Filter>
    <Filter Include="nativefiledialog">
      <UniqueIdentifier>{ad5ee95e-3122-44e4-9742-36c3212b8265}</UniqueIdentifier>
    </Filter>
    <Filter Include="Gigi">
      <UniqueIdentifier>{0ef2b4fa-446a-4bbc-bf4a-d678283420bd}</UniqueIdentifier>
    </Filter>
    <Filter Include="UI">
      <UniqueIdentifier>{2c93f1a2-f9db-4202-a136-c7b539f9e4b2}</UniqueIdentifier>
    </Filter>
  </ItemGroup>
  <ItemGroup>
    <ClInclude Include="..\external\imgui-node-editor\crude_json.h">
      <Filter>imgui-node-editor</Filter>
    </ClInclude>
    <ClInclude Include="..\external\imgui-node-editor\imgui_bezier_math.h">
      <Filter>imgui-node-editor</Filter>
    </ClInclude>
    <ClInclude Include="..\external\imgui-node-editor\imgui_canvas.h">
      <Filter>imgui-node-editor</Filter>
    </ClInclude>
    <ClInclude Include="..\external\imgui-node-editor\imgui_extra_math.h">
      <Filter>imgui-node-editor</Filter>
    </ClInclude>
    <ClInclude Include="..\external\imgui-node-editor\imgui_node_editor.h">
      <Filter>imgui-node-editor</Filter>
    </ClInclude>
    <ClInclude Include="..\external\imgui-node-editor\imgui_node_editor_internal.h">
      <Filter>imgui-node-editor</Filter>
    </ClInclude>
    <ClInclude Include="..\external\imgui-node-editor\external\imgui\imconfig.h">
      <Filter>imgui</Filter>
    </ClInclude>
    <ClInclude Include="..\external\imgui-node-editor\external\imgui\imgui.h">
      <Filter>imgui</Filter>
    </ClInclude>
    <ClInclude Include="..\external\imgui-node-editor\external\imgui\imgui_internal.h">
      <Filter>imgui</Filter>
    </ClInclude>
    <ClInclude Include="..\external\imgui-node-editor\external\imgui\imstb_rectpack.h">
      <Filter>imgui</Filter>
    </ClInclude>
    <ClInclude Include="..\external\imgui-node-editor\external\imgui\imstb_textedit.h">
      <Filter>imgui</Filter>
    </ClInclude>
    <ClInclude Include="..\external\imgui-node-editor\external\imgui\imstb_truetype.h">
      <Filter>imgui</Filter>
    </ClInclude>
    <ClInclude Include="..\external\imgui-node-editor\examples\application\include\application.h">
      <Filter>imgui-node-editor\examples\application</Filter>
    </ClInclude>
    <ClInclude Include="..\external\imgui-node-editor\examples\application\source\imgui_extra_keys.h">
      <Filter>imgui-node-editor\examples\application</Filter>
    </ClInclude>
    <ClInclude Include="..\external\imgui-node-editor\examples\application\source\imgui_impl_dx11.h">
      <Filter>imgui-node-editor\examples\application</Filter>
    </ClInclude>
    <ClInclude Include="..\external\imgui-node-editor\examples\application\source\imgui_impl_win32.h">
      <Filter>imgui-node-editor\examples\application</Filter>
    </ClInclude>
    <ClInclude Include="..\external\imgui-node-editor\examples\application\source\platform.h">
      <Filter>imgui-node-editor\examples\application</Filter>
    </ClInclude>
    <ClInclude Include="..\external\imgui-node-editor\examples\application\source\renderer.h">
      <Filter>imgui-node-editor\examples\application</Filter>
    </ClInclude>
    <ClInclude Include="..\external\imgui-node-editor\examples\application\source\setup.h">
      <Filter>imgui-node-editor\examples\application</Filter>
    </ClInclude>
    <ClInclude Include="..\external\nativefiledialog\src\include\nfd.h">
      <Filter>nativefiledialog</Filter>
    </ClInclude>
    <ClInclude Include="..\external\nativefiledialog\src\nfd_common.h">
      <Filter>nativefiledialog</Filter>
    </ClInclude>
    <ClInclude Include="..\external\nativefiledialog\src\common.h">
      <Filter>nativefiledialog</Filter>
    </ClInclude>
    <ClInclude Include="EditorNodes.h" />
    <ClInclude Include="MakeUI.h" />
    <ClInclude Include="MakeTypePath.h" />
    <ClInclude Include="visitors.h" />
    <ClInclude Include="resource.h">
      <Filter>UI</Filter>
    </ClInclude>
    <ClInclude Include="ui\widgets.h">
      <Filter>UI</Filter>
    </ClInclude>
    <ClInclude Include="ui\drawing.h">
      <Filter>UI</Filter>
    </ClInclude>
    <ClInclude Include="ui\builders.h">
      <Filter>UI</Filter>
    </ClInclude>
    <ClInclude Include="ui\pins.h">
      <Filter>UI</Filter>
    </ClInclude>
    <ClInclude Include="PreviewServer.h" />
    <ClInclude Include="ui\commonUI.h">
      <Filter>UI</Filter>
    </ClInclude>
    <ClInclude Include="ui\RecentFiles.h">
      <Filter>UI</Filter>
    </ClInclude>
    <ClInclude Include="..\external\imgui-node-editor\external\imgui\imgui_stdlib.h">
      <Filter>imgui</Filter>
    </ClInclude>
  </ItemGroup>
  <ItemGroup>
    <None Include="..\external\imgui-node-editor\imgui_bezier_math.inl">
      <Filter>imgui-node-editor</Filter>
    </None>
    <None Include="..\external\imgui-node-editor\imgui_extra_math.inl">
      <Filter>imgui-node-editor</Filter>
    </None>
    <None Include="..\external\imgui-node-editor\imgui_node_editor_internal.inl">
      <Filter>imgui-node-editor</Filter>
    </None>
    <None Include="..\external\imgui-node-editor\examples\application\source\config.h.in">
      <Filter>imgui-node-editor\examples\application</Filter>
    </None>
  </ItemGroup>
  <ItemGroup>
    <ResourceCompile Include="GigiEdit.rc">
      <Filter>UI</Filter>
    </ResourceCompile>
  </ItemGroup>
  <ItemGroup>
    <Image Include="iconWindow.ico">
      <Filter>UI</Filter>
    </Image>
  </ItemGroup>
</Project>