<?xml version="1.0" encoding="utf-8"?>
<Project ToolsVersion="4.0" xmlns="http://schemas.microsoft.com/developer/msbuild/2003">
  <ItemGroup>
    <ClCompile Include="main.cpp" />
    <ClCompile Include="imgui\imgui_demo.cpp">
      <Filter>external\imgui</Filter>
    </ClCompile>
    <ClCompile Include="imgui\imgui_draw.cpp">
      <Filter>external\imgui</Filter>
    </ClCompile>
    <ClCompile Include="imgui\backends\imgui_impl_dx12.cpp">
      <Filter>external\imgui</Filter>
    </ClCompile>
    <ClCompile Include="imgui\imgui_tables.cpp">
      <Filter>external\imgui</Filter>
    </ClCompile>
    <ClCompile Include="imgui\imgui_widgets.cpp">
      <Filter>external\imgui</Filter>
    </ClCompile>
    <ClCompile Include="imgui\imgui.cpp">
      <Filter>external\imgui</Filter>
    </ClCompile>
    <ClCompile Include="imgui\backends\imgui_impl_win32.cpp">
      <Filter>external\imgui</Filter>
    </ClCompile>
    <ClCompile Include="PreviewClient.cpp" />
    <ClCompile Include="..\external\nativefiledialog\src\nfd_common.c">
      <Filter>external\nativefiledialog</Filter>
    </ClCompile>
    <ClCompile Include="..\external\nativefiledialog\src\nfd_win.cpp">
      <Filter>external\nativefiledialog</Filter>
    </ClCompile>
    <ClCompile Include="DX12Utils\CompileShaders_dxc.cpp">
      <Filter>DX12Utils</Filter>
    </ClCompile>
    <ClCompile Include="DX12Utils\CompileShaders_fxc.cpp">
      <Filter>DX12Utils</Filter>
    </ClCompile>
    <ClCompile Include="DX12Utils\UploadBufferTracker.cpp">
      <Filter>DX12Utils</Filter>
    </ClCompile>
    <ClCompile Include="DX12Utils\CreateResources.cpp">
      <Filter>DX12Utils</Filter>
    </ClCompile>
    <ClCompile Include="Interpreter\GigiInterpreterPreviewWindowDX12.cpp">
      <Filter>Interpreter</Filter>
    </ClCompile>
    <ClCompile Include="Interpreter\GigiInterpreterPreviewWindowDX12_UI.cpp">
      <Filter>Interpreter</Filter>
    </ClCompile>
    <ClCompile Include="Interpreter\RenderGraphNode_Action_ComputeShader.cpp">
      <Filter>Interpreter</Filter>
    </ClCompile>
    <ClCompile Include="Interpreter\RenderGraphNode_Action_CopyResource.cpp">
      <Filter>Interpreter</Filter>
    </ClCompile>
    <ClCompile Include="Interpreter\RenderGraphNode_Action_RayShader.cpp">
      <Filter>Interpreter</Filter>
    </ClCompile>
    <ClCompile Include="Interpreter\RenderGraphNode_Resource_Buffer.cpp">
      <Filter>Interpreter</Filter>
    </ClCompile>
    <ClCompile Include="Interpreter\RenderGraphNode_Resource_ShaderConstants.cpp">
      <Filter>Interpreter</Filter>
    </ClCompile>
    <ClCompile Include="Interpreter\RenderGraphNode_Resource_Texture.cpp">
      <Filter>Interpreter</Filter>
    </ClCompile>
    <ClCompile Include="DX12Utils\TextureCache.cpp">
      <Filter>DX12Utils</Filter>
    </ClCompile>
    <ClCompile Include="DX12Utils\FileCache.cpp">
      <Filter>DX12Utils</Filter>
    </ClCompile>
    <ClCompile Include="ImGuiHelper.cpp" />
    <ClCompile Include="Interpreter\RenderGraphNode_Action_DrawCall.cpp">
      <Filter>Interpreter</Filter>
    </ClCompile>
    <ClCompile Include="DX12Utils\ObjCache.cpp">
      <Filter>DX12Utils</Filter>
    </ClCompile>
    <ClCompile Include="tinyexr\deps\miniz\miniz.c">
      <Filter>external\miniz</Filter>
    </ClCompile>
    <ClCompile Include="ViewerPython.cpp" />
    <ClCompile Include="ViewerPython_GigiArray.cpp" />
    <ClCompile Include="..\external\OpenFBX\ofbx.cpp">
      <Filter>external\OpenFBX</Filter>
    </ClCompile>
    <ClCompile Include="DX12Utils\FBXCache.cpp">
      <Filter>DX12Utils</Filter>
    </ClCompile>
    <ClCompile Include="Interpreter\RenderGraphNode_Action_SubGraph.cpp">
      <Filter>Interpreter</Filter>
    </ClCompile>
    <ClCompile Include="Interpreter\RenderGraphNode_Action_Barrier.cpp">
      <Filter>Interpreter</Filter>
    </ClCompile>
    <ClCompile Include="RecentFiles.cpp" />
    <ClCompile Include="DX12Utils\PLYCache.cpp">
      <Filter>DX12Utils</Filter>
    </ClCompile>
    <ClCompile Include="..\external\OpenFBX\libdeflate.c">
      <Filter>external\OpenFBX</Filter>
    </ClCompile>
    <ClCompile Include="DX12Utils\Camera.cpp">
      <Filter>DX12Utils</Filter>
    </ClCompile>
    <ClCompile Include="ImageReadback.cpp" />
    <ClCompile Include="ImageSave.cpp" />
    <ClCompile Include="Interpreter\RenderGraphNode_Reroute.cpp">
      <Filter>Interpreter</Filter>
    </ClCompile>
  </ItemGroup>
  <ItemGroup>
    <Filter Include="DX12Utils">
      <UniqueIdentifier>{da95f630-b42b-47c7-aa3f-dee17dddaee3}</UniqueIdentifier>
    </Filter>
    <Filter Include="Interpreter">
      <UniqueIdentifier>{858a593b-727a-4cc6-8c3f-e8ea12c163fa}</UniqueIdentifier>
    </Filter>
    <Filter Include="external">
      <UniqueIdentifier>{4339e282-2fc8-4ebd-bcdc-6a0046a06bfe}</UniqueIdentifier>
    </Filter>
    <Filter Include="external\OpenFBX">
      <UniqueIdentifier>{a93c351e-a41b-494d-8ecf-7f87fcb40b81}</UniqueIdentifier>
    </Filter>
    <Filter Include="external\stb">
      <UniqueIdentifier>{40ee0553-8875-4f38-874d-ec74e0c944b1}</UniqueIdentifier>
    </Filter>
    <Filter Include="external\tinyobj">
      <UniqueIdentifier>{1df6bf0a-4968-4c82-aae0-d3ddf675dce0}</UniqueIdentifier>
    </Filter>
    <Filter Include="external\nativefiledialog">
      <UniqueIdentifier>{ea0be9f8-615b-4ac0-a0c3-7fa7d1235c37}</UniqueIdentifier>
    </Filter>
    <Filter Include="external\miniz">
      <UniqueIdentifier>{d4967ef0-cb60-48e1-b47c-a28dfc3fe805}</UniqueIdentifier>
    </Filter>
    <Filter Include="external\imgui">
      <UniqueIdentifier>{48c7e155-5828-48cc-8cae-7915a191ffe3}</UniqueIdentifier>
    </Filter>
  </ItemGroup>
  <ItemGroup>
    <ClInclude Include="PreviewClient.h" />
    <ClInclude Include="..\external\nativefiledialog\src\common.h">
      <Filter>external\nativefiledialog</Filter>
    </ClInclude>
    <ClInclude Include="..\external\nativefiledialog\src\include\nfd.h">
      <Filter>external\nativefiledialog</Filter>
    </ClInclude>
    <ClInclude Include="..\external\nativefiledialog\src\nfd_common.h">
      <Filter>external\nativefiledialog</Filter>
    </ClInclude>
    <ClInclude Include="DX12Utils\CompileShaders.h">
      <Filter>DX12Utils</Filter>
    </ClInclude>
    <ClInclude Include="DX12Utils\UploadBufferTracker.h">
      <Filter>DX12Utils</Filter>
    </ClInclude>
    <ClInclude Include="stb\stb_image.h">
      <Filter>external\stb</Filter>
    </ClInclude>
    <ClInclude Include="stb\stb_image_write.h">
      <Filter>external\stb</Filter>
    </ClInclude>
    <ClInclude Include="DX12Utils\CreateResources.h">
      <Filter>DX12Utils</Filter>
    </ClInclude>
    <ClInclude Include="Interpreter\GigiInterpreterPreviewWindowDX12.h">
      <Filter>Interpreter</Filter>
    </ClInclude>
    <ClInclude Include="Interpreter\NodesShared.h">
      <Filter>Interpreter</Filter>
    </ClInclude>
    <ClInclude Include="DX12Utils\TransitionTracker.h">
      <Filter>DX12Utils</Filter>
    </ClInclude>
    <ClInclude Include="DX12Utils\TextureCache.h">
      <Filter>DX12Utils</Filter>
    </ClInclude>
    <ClInclude Include="DX12Utils\DelayedReleaseTracker.h">
      <Filter>DX12Utils</Filter>
    </ClInclude>
    <ClInclude Include="DX12Utils\HeapAllocationTracker.h">
      <Filter>DX12Utils</Filter>
    </ClInclude>
    <ClInclude Include="DX12Utils\DescriptorTableCache.h">
      <Filter>DX12Utils</Filter>
    </ClInclude>
    <ClInclude Include="DX12Utils\Utils.h">
      <Filter>DX12Utils</Filter>
    </ClInclude>
    <ClInclude Include="DX12Utils\sRGB.h">
      <Filter>DX12Utils</Filter>
    </ClInclude>
    <ClInclude Include="Interpreter\RuntimeNodeTypes.h">
      <Filter>Interpreter</Filter>
    </ClInclude>
    <ClInclude Include="DX12Utils\Profiler.h">
      <Filter>DX12Utils</Filter>
    </ClInclude>
    <ClInclude Include="DX12Utils\FileCache.h">
      <Filter>DX12Utils</Filter>
    </ClInclude>
    <ClInclude Include="resource.h" />
    <ClInclude Include="ImGuiHelper.h" />
    <ClInclude Include="tinyobjloader\tiny_obj_loader.h">
      <Filter>external\tinyobj</Filter>
    </ClInclude>
    <ClInclude Include="DX12Utils\FileWatcher.h">
      <Filter>DX12Utils</Filter>
    </ClInclude>
    <ClInclude Include="DX12Utils\ObjCache.h">
      <Filter>DX12Utils</Filter>
    </ClInclude>
    <ClInclude Include="tinyexr\deps\miniz\miniz.h">
      <Filter>external\miniz</Filter>
    </ClInclude>
    <ClInclude Include="ViewerPython.h" />
    <ClInclude Include="..\external\OpenFBX\ofbx.h">
      <Filter>external\OpenFBX</Filter>
    </ClInclude>
    <ClInclude Include="DX12Utils\FBXCache.h">
      <Filter>DX12Utils</Filter>
    </ClInclude>
    <ClInclude Include="DX12Utils\FlattenedVertex.h">
      <Filter>DX12Utils</Filter>
    </ClInclude>
    <ClInclude Include="prng.h" />
    <ClInclude Include="f16.h" />
    <ClInclude Include="RecentFiles.h" />
    <ClInclude Include="DX12Utils\PLYCache.h">
      <Filter>DX12Utils</Filter>
    </ClInclude>
    <ClInclude Include="imgui\backends\imgui_impl_dx12.ps.hlsl.h">
      <Filter>external\imgui</Filter>
    </ClInclude>
    <ClInclude Include="..\external\OpenFBX\libdeflate.h">
      <Filter>external\OpenFBX</Filter>
    </ClInclude>
    <ClInclude Include="DX12Utils\Camera.h">
      <Filter>DX12Utils</Filter>
    </ClInclude>
    <ClInclude Include="ImageReadback.h" />
    <ClInclude Include="ImageSave.h" />
  </ItemGroup>
  <ItemGroup>
    <ResourceCompile Include="GigiViewerDX12.rc" />
  </ItemGroup>
  <ItemGroup>
    <Image Include="iconWindow.ico" />
  </ItemGroup>
  <ItemGroup>
    <None Include="packages.config" />
  </ItemGroup>
</Project>