
Microsoft Visual Studio Solution File, Format Version 12.00
# Visual Studio Version 17
Project("{2150E333-8FDC-42A3-9474-1A3956D46DE8}") = "CMakePredefinedTargets", "CMakePredefinedTargets", "{77D4E11D-5BF3-339D-A4C4-18DA322DD30C}"
EndProject
Project("{8BC9CEB8-8B4A-11D0-8D11-00A0C91BC942}") = "UnitTests", "UnitTests.vcxproj", "{782F6C35-74A9-32AC-A4B6-7632D950429B}"
	ProjectSection(ProjectDependencies) = postProject
	EndProjectSection
EndProject
Project("{8BC9CEB8-8B4A-11D0-8D11-00A0C91BC942}") = "ALL_BUILD", "ALL_BUILD.vcxproj", "{BC81F722-C461-34D3-A896-32CCF03ED6DB}"
	ProjectSection(ProjectDependencies) = postProject
		{782F6C35-74A9-32AC-A4B6-7632D950429B} = {782F6C35-74A9-32AC-A4B6-7632D950429B}
	EndProjectSection
EndProject
Global
	GlobalSection(SolutionConfigurationPlatforms) = preSolution
		Debug|x64 = Debug|x64
		Release|x64 = Release|x64
		MinSizeRel|x64 = MinSizeRel|x64
		RelWithDebInfo|x64 = RelWithDebInfo|x64
	EndGlobalSection
	GlobalSection(ProjectConfigurationPlatforms) = postSolution
		{782F6C35-74A9-32AC-A4B6-7632D950429B}.Debug|x64.ActiveCfg = Debug|x64
		{782F6C35-74A9-32AC-A4B6-7632D950429B}.Debug|x64.Build.0 = Debug|x64
		{782F6C35-74A9-32AC-A4B6-7632D950429B}.Release|x64.ActiveCfg = Release|x64
		{782F6C35-74A9-32AC-A4B6-7632D950429B}.Release|x64.Build.0 = Release|x64
		{782F6C35-74A9-32AC-A4B6-7632D950429B}.MinSizeRel|x64.ActiveCfg = MinSizeRel|x64
		{782F6C35-74A9-32AC-A4B6-7632D950429B}.MinSizeRel|x64.Build.0 = MinSizeRel|x64
		{782F6C35-74A9-32AC-A4B6-7632D950429B}.RelWithDebInfo|x64.ActiveCfg = RelWithDebInfo|x64
		{782F6C35-74A9-32AC-A4B6-7632D950429B}.RelWithDebInfo|x64.Build.0 = RelWithDebInfo|x64
		{BC81F722-C461-34D3-A896-32CCF03ED6DB}.Debug|x64.ActiveCfg = Debug|x64
		{BC81F722-C461-34D3-A896-32CCF03ED6DB}.Release|x64.ActiveCfg = Release|x64
		{BC81F722-C461-34D3-A896-32CCF03ED6DB}.MinSizeRel|x64.ActiveCfg = MinSizeRel|x64
		{BC81F722-C461-34D3-A896-32CCF03ED6DB}.RelWithDebInfo|x64.ActiveCfg = RelWithDebInfo|x64
	EndGlobalSection
	GlobalSection(NestedProjects) = preSolution
		{BC81F722-C461-34D3-A896-32CCF03ED6DB} = {77D4E11D-5BF3-339D-A4C4-18DA322DD30C}
	EndGlobalSection
	GlobalSection(ExtensibilityGlobals) = postSolution
		SolutionGuid = {73AA04CB-2BE6-3942-9799-7C3143F9DAA8}
	EndGlobalSection
	GlobalSection(ExtensibilityAddIns) = postSolution
	EndGlobalSection
EndGlobal
